<?xml version="1.0" encoding="UTF-8"?>
<Scheme
   LastUpgradeVersion = "1010"
   version = "1.3">
   <BuildAction
      parallelizeBuildables = "YES"
      buildImplicitDependencies = "YES">
      <BuildActionEntries>
         <BuildActionEntry
            buildForTesting = "YES"
            buildForRunning = "YES"
            buildForProfiling = "YES"
            buildForArchiving = "YES"
            buildForAnalyzing = "YES">
            <BuildableReference
               BuildableIdentifier = "primary"
               BlueprintIdentifier = "AB730A57B80D8FAF2C7D7BB8"
               BuildableName = "Listen Anonymously Shared.framework"
               BlueprintName = "Listen Anonymously Shared"
               ReferencedContainer = "container:Listen anonymously.xcodeproj">
            </BuildableReference>
         </BuildActionEntry>
         <BuildActionEntry
            buildForTesting = "YES"
            buildForRunning = "YES"
            buildForProfiling = "YES"
            buildForArchiving = "YES"
            buildForAnalyzing = "YES">
            <BuildableReference
               BuildableIdentifier = "primary"
               BlueprintIdentifier = "18854A518BF663F8998213A2"
               BuildableName = "Listen Anonymously SharedTests.xctest"
               BlueprintName = "Listen Anonymously SharedTests"
               ReferencedContainer = "container:Listen anonymously.xcodeproj">
            </BuildableReference>
         </BuildActionEntry>
         <BuildActionEntry
            buildForTesting = "YES"
            buildForRunning = "YES"
            buildForProfiling = "YES"
            buildForArchiving = "YES"
            buildForAnalyzing = "YES">
            <BuildableReference
               BuildableIdentifier = "primary"
               BlueprintIdentifier = "BA3FF0712423F84463FCB932"
               BuildableName = "Listen anonymously.app"
               BlueprintName = "Listen anonymously"
               ReferencedContainer = "container:Listen anonymously.xcodeproj">
            </BuildableReference>
         </BuildActionEntry>
         <BuildActionEntry
            buildForTesting = "YES"
            buildForRunning = "YES"
            buildForProfiling = "YES"
            buildForArchiving = "YES"
            buildForAnalyzing = "YES">
            <BuildableReference
               BuildableIdentifier = "primary"
               BlueprintIdentifier = "780F02B0F4C16905983F5402"
               BuildableName = "Listen anonymously Ext.appex"
               BlueprintName = "Listen anonymously Ext"
               ReferencedContainer = "container:Listen anonymously.xcodeproj">
            </BuildableReference>
         </BuildActionEntry>
         <BuildActionEntry
            buildForTesting = "YES"
            buildForRunning = "YES"
            buildForProfiling = "YES"
            buildForArchiving = "YES"
            buildForAnalyzing = "YES">
            <BuildableReference
               BuildableIdentifier = "primary"
               BlueprintIdentifier = "973C8CA5410DE2A5EEAB041F"
               BuildableName = "Listen anonymously Ext Tests.xctest"
               BlueprintName = "Listen anonymously Ext Tests"
               ReferencedContainer = "container:Listen anonymously.xcodeproj">
            </BuildableReference>
         </BuildActionEntry>
         <BuildActionEntry
            buildForTesting = "YES"
            buildForRunning = "YES"
            buildForProfiling = "YES"
            buildForArchiving = "YES"
            buildForAnalyzing = "YES">
            <BuildableReference
               BuildableIdentifier = "primary"
               BlueprintIdentifier = "B526C60CFF59C1C86ECB5A09"
               BuildableName = "Listen anonymouslyTests.xctest"
               BlueprintName = "Listen anonymouslyTests"
               ReferencedContainer = "container:Listen anonymously.xcodeproj">
            </BuildableReference>
         </BuildActionEntry>
      </BuildActionEntries>
   </BuildAction>
   <TestAction
      buildConfiguration = "Debug"
      selectedDebuggerIdentifier = "Xcode.DebuggerFoundation.Debugger.LLDB"
      selectedLauncherIdentifier = "Xcode.DebuggerFoundation.Launcher.LLDB"
      shouldUseLaunchSchemeArgsEnv = "YES">
      <Testables>
         <TestableReference
            skipped = "NO">
            <BuildableReference
               BuildableIdentifier = "primary"
               BlueprintIdentifier = "18854A518BF663F8998213A2"
               BuildableName = "Listen Anonymously SharedTests.xctest"
               BlueprintName = "Listen Anonymously SharedTests"
               ReferencedContainer = "container:Listen anonymously.xcodeproj">
            </BuildableReference>
         </TestableReference>
         <TestableReference
            skipped = "NO">
            <BuildableReference
               BuildableIdentifier = "primary"
               BlueprintIdentifier = "973C8CA5410DE2A5EEAB041F"
               BuildableName = "Listen anonymously Ext Tests.xctest"
               BlueprintName = "Listen anonymously Ext Tests"
               ReferencedContainer = "container:Listen anonymously.xcodeproj">
            </BuildableReference>
         </TestableReference>
         <TestableReference
            skipped = "NO">
            <BuildableReference
               BuildableIdentifier = "primary"
               BlueprintIdentifier = "B526C60CFF59C1C86ECB5A09"
               BuildableName = "Listen anonymouslyTests.xctest"
               BlueprintName = "Listen anonymouslyTests"
               ReferencedContainer = "container:Listen anonymously.xcodeproj">
            </BuildableReference>
         </TestableReference>
      </Testables>
   </TestAction>
   <LaunchAction
      buildConfiguration = "Debug"
      selectedDebuggerIdentifier = "Xcode.DebuggerFoundation.Debugger.LLDB"
      selectedLauncherIdentifier = "Xcode.DebuggerFoundation.Launcher.LLDB"
      launchStyle = "0"
      useCustomWorkingDirectory = "NO"
      ignoresPersistentStateOnLaunch = "NO"
      debugDocumentVersioning = "YES"
      debugServiceExtension = "internal"
      allowLocationSimulation = "YES">
      <MacroExpansion>
         <BuildableReference
            BuildableIdentifier = "primary"
            BlueprintIdentifier = "AB730A57B80D8FAF2C7D7BB8"
            BuildableName = "Listen Anonymously Shared.framework"
            BlueprintName = "Listen Anonymously Shared"
            ReferencedContainer = "container:Listen anonymously.xcodeproj">
         </BuildableReference>
      </MacroExpansion>
   </LaunchAction>
   <ProfileAction
      buildConfiguration = "Release"
      shouldUseLaunchSchemeArgsEnv = "YES"
      savedToolIdentifier = ""
      useCustomWorkingDirectory = "NO"
      debugDocumentVersioning = "YES">
      <MacroExpansion>
         <BuildableReference
            BuildableIdentifier = "primary"
            BlueprintIdentifier = "AB730A57B80D8FAF2C7D7BB8"
            BuildableName = "Listen Anonymously Shared.framework"
            BlueprintName = "Listen Anonymously Shared"
            ReferencedContainer = "container:Listen anonymously.xcodeproj">
         </BuildableReference>
      </MacroExpansion>
   </ProfileAction>
   <AnalyzeAction
      buildConfiguration = "Debug">
   </AnalyzeAction>
   <ArchiveAction
      buildConfiguration = "Release"
      revealArchiveInOrganizer = "YES">
   </ArchiveAction>
</Scheme>
