// !$*UTF8*$!
{
	archiveVersion = 1;
	classes = {
	};
	objectVersion = 77;
	objects = {

/* Begin PBXBuildFile section */
		3C5A000B2EA7E92A0061CF61 /* ViewInspector in Frameworks */ = {isa = PBXBuildFile; productRef = 3C5A000A2EA7E92A0061CF61 /* ViewInspector */; };
		3CCFCA5A2D3F0FCD0090D88D /* UniformTypeIdentifiers.framework in Frameworks */ = {isa = PBXBuildFile; fileRef = 3CCFCA592D3F0FCD0090D88D /* UniformTypeIdentifiers.framework */; };
		3CCFCA662D3F0FCD0090D88D /* Listen anonymously Ext.appex in Embed Foundation Extensions */ = {isa = PBXBuildFile; fileRef = 3CCFCA572D3F0FCD0090D88D /* Listen anonymously Ext.appex */; settings = {ATTRIBUTES = (RemoveHeadersOnCopy, ); }; };
		3CCFCB8E2D4198D00090D88D /* README.md in Resources */ = {isa = PBXBuildFile; fileRef = 3CCFCB8D2D4198D00090D88D /* README.md */; };
		3CFA3BDB2E9CE38000D0A378 /* Listen_Anonymously_Shared.framework in Frameworks */ = {isa = PBXBuildFile; fileRef = 3CFA3BD02E9CE38000D0A378 /* Listen_Anonymously_Shared.framework */; };
		3CFA3BE52E9CE38000D0A378 /* Listen_Anonymously_Shared.framework in Frameworks */ = {isa = PBXBuildFile; fileRef = 3CFA3BD02E9CE38000D0A378 /* Listen_Anonymously_Shared.framework */; };
		3CFA3BE62E9CE38100D0A378 /* Listen_Anonymously_Shared.framework in Embed Frameworks */ = {isa = PBXBuildFile; fileRef = 3CFA3BD02E9CE38000D0A378 /* Listen_Anonymously_Shared.framework */; settings = {ATTRIBUTES = (CodeSignOnCopy, RemoveHeadersOnCopy, ); }; };
		3CFA3BF12E9CE6A700D0A378 /* Listen_Anonymously_Shared.framework in Frameworks */ = {isa = PBXBuildFile; fileRef = 3CFA3BD02E9CE38000D0A378 /* Listen_Anonymously_Shared.framework */; };
		3CFA3C7E2E9D21A600D0A378 /* ViewInspector in Frameworks */ = {isa = PBXBuildFile; productRef = 3CFA3C7D2E9D21A600D0A378 /* ViewInspector */; };
/* End PBXBuildFile section */

/* Begin PBXContainerItemProxy section */
		3C36B8F32EAA049900FFE573 /* PBXContainerItemProxy */ = {
			isa = PBXContainerItemProxy;
			containerPortal = 3CCFC9FF2D3EFD850090D88D /* Project object */;
			proxyType = 1;
			remoteGlobalIDString = 3CCFCA062D3EFD850090D88D;
			remoteInfo = "Listen anonymously";
		};
		3CCFCA182D3EFD860090D88D /* PBXContainerItemProxy */ = {
			isa = PBXContainerItemProxy;
			containerPortal = 3CCFC9FF2D3EFD850090D88D /* Project object */;
			proxyType = 1;
			remoteGlobalIDString = 3CCFCA062D3EFD850090D88D;
			remoteInfo = "Listen anonymously";
		};
		3CCFCA642D3F0FCD0090D88D /* PBXContainerItemProxy */ = {
			isa = PBXContainerItemProxy;
			containerPortal = 3CCFC9FF2D3EFD850090D88D /* Project object */;
			proxyType = 1;
			remoteGlobalIDString = 3CCFCA562D3F0FCD0090D88D;
			remoteInfo = "Listen anonymously Ext";
		};
		3CFA3BA12E9C3AFB00D0A378 /* PBXContainerItemProxy */ = {
			isa = PBXContainerItemProxy;
			containerPortal = 3CCFC9FF2D3EFD850090D88D /* Project object */;
			proxyType = 1;
			remoteGlobalIDString = 3CCFCA562D3F0FCD0090D88D;
			remoteInfo = "Listen anonymously Ext";
		};
		3CFA3BA62E9C3BB600D0A378 /* PBXContainerItemProxy */ = {
			isa = PBXContainerItemProxy;
			containerPortal = 3CCFC9FF2D3EFD850090D88D /* Project object */;
			proxyType = 1;
			remoteGlobalIDString = 3CCFCA062D3EFD850090D88D;
			remoteInfo = "Listen anonymously";
		};
		3CFA3BDC2E9CE38000D0A378 /* PBXContainerItemProxy */ = {
			isa = PBXContainerItemProxy;
			containerPortal = 3CCFC9FF2D3EFD850090D88D /* Project object */;
			proxyType = 1;
			remoteGlobalIDString = 3CFA3BCF2E9CE38000D0A378;
			remoteInfo = "Listen Anonymously Shared";
		};
		3CFA3BDE2E9CE38000D0A378 /* PBXContainerItemProxy */ = {
			isa = PBXContainerItemProxy;
			containerPortal = 3CCFC9FF2D3EFD850090D88D /* Project object */;
			proxyType = 1;
			remoteGlobalIDString = 3CCFCA062D3EFD850090D88D;
			remoteInfo = "Listen anonymously";
		};
		3CFA3BE32E9CE38000D0A378 /* PBXContainerItemProxy */ = {
			isa = PBXContainerItemProxy;
			containerPortal = 3CCFC9FF2D3EFD850090D88D /* Project object */;
			proxyType = 1;
			remoteGlobalIDString = 3CFA3BCF2E9CE38000D0A378;
			remoteInfo = "Listen Anonymously Shared";
		};
/* End PBXContainerItemProxy section */

/* Begin PBXCopyFilesBuildPhase section */
		3CCFCA6B2D3F0FCD0090D88D /* Embed Foundation Extensions */ = {
			isa = PBXCopyFilesBuildPhase;
			buildActionMask = 2147483647;
			dstPath = "";
			dstSubfolderSpec = 13;
			files = (
				3CCFCA662D3F0FCD0090D88D /* Listen anonymously Ext.appex in Embed Foundation Extensions */,
			);
			name = "Embed Foundation Extensions";
			runOnlyForDeploymentPostprocessing = 0;
		};
		3CFA3BC72E9CE35500D0A378 /* Embed Frameworks */ = {
			isa = PBXCopyFilesBuildPhase;
			buildActionMask = 2147483647;
			dstPath = "";
			dstSubfolderSpec = 10;
			files = (
				3CFA3BE62E9CE38100D0A378 /* Listen_Anonymously_Shared.framework in Embed Frameworks */,
			);
			name = "Embed Frameworks";
			runOnlyForDeploymentPostprocessing = 0;
		};
/* End PBXCopyFilesBuildPhase section */

/* Begin PBXFileReference section */
		3C15A6122F3215BB00EDD660 /* Secrets.xcconfig */ = {isa = PBXFileReference; lastKnownFileType = text.xcconfig; path = Secrets.xcconfig; sourceTree = "<group>"; };
		3C36B8EF2EAA049900FFE573 /* Listen anonymously Snapshot Tests.xctest */ = {isa = PBXFileReference; explicitFileType = wrapper.cfbundle; includeInIndex = 0; path = "Listen anonymously Snapshot Tests.xctest"; sourceTree = BUILT_PRODUCTS_DIR; };
		3CC8939F2EA6AA7400A2F4A0 /* Debug.xcconfig */ = {isa = PBXFileReference; lastKnownFileType = text.xcconfig; path = Debug.xcconfig; sourceTree = "<group>"; };
		3CC893A02EA6B11900A2F4A0 /* Release.xcconfig */ = {isa = PBXFileReference; lastKnownFileType = text.xcconfig; path = Release.xcconfig; sourceTree = "<group>"; };
		3CCFCA072D3EFD850090D88D /* Listen anonymously.app */ = {isa = PBXFileReference; explicitFileType = wrapper.application; includeInIndex = 0; path = "Listen anonymously.app"; sourceTree = BUILT_PRODUCTS_DIR; };
		3CCFCA172D3EFD860090D88D /* Listen anonymouslyTests.xctest */ = {isa = PBXFileReference; explicitFileType = wrapper.cfbundle; includeInIndex = 0; path = "Listen anonymouslyTests.xctest"; sourceTree = BUILT_PRODUCTS_DIR; };
		3CCFCA572D3F0FCD0090D88D /* Listen anonymously Ext.appex */ = {isa = PBXFileReference; explicitFileType = "wrapper.app-extension"; includeInIndex = 0; path = "Listen anonymously Ext.appex"; sourceTree = BUILT_PRODUCTS_DIR; };
		3CCFCA592D3F0FCD0090D88D /* UniformTypeIdentifiers.framework */ = {isa = PBXFileReference; lastKnownFileType = wrapper.framework; name = UniformTypeIdentifiers.framework; path = System/Library/Frameworks/UniformTypeIdentifiers.framework; sourceTree = SDKROOT; };
		3CCFCB8D2D4198D00090D88D /* README.md */ = {isa = PBXFileReference; lastKnownFileType = net.daringfireball.markdown; path = README.md; sourceTree = "<group>"; };
		3CFA3B9A2E9C3A9B00D0A378 /* Listen anonymously Ext Tests.xctest */ = {isa = PBXFileReference; explicitFileType = wrapper.cfbundle; includeInIndex = 0; path = "Listen anonymously Ext Tests.xctest"; sourceTree = BUILT_PRODUCTS_DIR; };
		3CFA3BD02E9CE38000D0A378 /* Listen_Anonymously_Shared.framework */ = {isa = PBXFileReference; explicitFileType = wrapper.framework; includeInIndex = 0; path = Listen_Anonymously_Shared.framework; sourceTree = BUILT_PRODUCTS_DIR; };
		3CFA3BDA2E9CE38000D0A378 /* Listen Anonymously SharedTests.xctest */ = {isa = PBXFileReference; explicitFileType = wrapper.cfbundle; includeInIndex = 0; path = "Listen Anonymously SharedTests.xctest"; sourceTree = BUILT_PRODUCTS_DIR; };
		3CFA3C7F2E9D280B00D0A378 /* Listen anonymously Ext.xctestplan */ = {isa = PBXFileReference; lastKnownFileType = text; path = "Listen anonymously Ext.xctestplan"; sourceTree = "<group>"; };
/* End PBXFileReference section */

/* Begin PBXFileSystemSynchronizedBuildFileExceptionSet section */
		3CCFCA672D3F0FCD0090D88D /* Exceptions for "Listen anonymously Ext" folder in "Listen anonymously Ext" target */ = {
			isa = PBXFileSystemSynchronizedBuildFileExceptionSet;
			membershipExceptions = (
				Info.plist,
			);
			target = 3CCFCA562D3F0FCD0090D88D /* Listen anonymously Ext */;
		};
		3CFA3BA42E9C3B7700D0A378 /* Exceptions for "Listen anonymously Ext" folder in "Listen anonymously Ext Tests" target */ = {
			isa = PBXFileSystemSynchronizedBuildFileExceptionSet;
			membershipExceptions = (
				"/Localized: MainInterface.storyboard",
				ActionViewController.swift,
			);
			target = 3CFA3B992E9C3A9B00D0A378 /* Listen anonymously Ext Tests */;
		};
		3CFA3BF22E9CE6EF00D0A378 /* Exceptions for "Listen Anonymously Shared" folder in "Listen anonymously" target */ = {
			isa = PBXFileSystemSynchronizedBuildFileExceptionSet;
			membershipExceptions = (
				"TestResources/AUDIO-2024-02-23-14-21-50.mp3",
			);
			target = 3CCFCA062D3EFD850090D88D /* Listen anonymously */;
		};
		3CFA3BF42E9CE6EF00D0A378 /* Exceptions for "Listen Anonymously Shared" folder in "Listen Anonymously Shared" target */ = {
			isa = PBXFileSystemSynchronizedBuildFileExceptionSet;
			membershipExceptions = (
				"TestResources/AUDIO-2024-02-23-14-21-50.mp3",
			);
			target = 3CFA3BCF2E9CE38000D0A378 /* Listen Anonymously Shared */;
		};
/* End PBXFileSystemSynchronizedBuildFileExceptionSet section */

/* Begin PBXFileSystemSynchronizedRootGroup section */
		3C36B8F02EAA049900FFE573 /* Listen anonymously Snapshot Tests */ = {
			isa = PBXFileSystemSynchronizedRootGroup;
			path = "Listen anonymously Snapshot Tests";
			sourceTree = "<group>";
		};
		3CCFCA092D3EFD850090D88D /* Listen anonymously */ = {
			isa = PBXFileSystemSynchronizedRootGroup;
			path = "Listen anonymously";
			sourceTree = "<group>";
		};
		3CCFCA1A2D3EFD860090D88D /* Listen anonymouslyTests */ = {
			isa = PBXFileSystemSynchronizedRootGroup;
			path = "Listen anonymouslyTests";
			sourceTree = "<group>";
		};
		3CCFCA5B2D3F0FCD0090D88D /* Listen anonymously Ext */ = {
			isa = PBXFileSystemSynchronizedRootGroup;
			exceptions = (
				3CCFCA672D3F0FCD0090D88D /* Exceptions for "Listen anonymously Ext" folder in "Listen anonymously Ext" target */,
				3CFA3BA42E9C3B7700D0A378 /* Exceptions for "Listen anonymously Ext" folder in "Listen anonymously Ext Tests" target */,
			);
			path = "Listen anonymously Ext";
			sourceTree = "<group>";
		};
		3CFA3B9B2E9C3A9B00D0A378 /* Listen anonymously Ext Tests */ = {
			isa = PBXFileSystemSynchronizedRootGroup;
			path = "Listen anonymously Ext Tests";
			sourceTree = "<group>";
		};
		3CFA3BD12E9CE38000D0A378 /* Listen Anonymously Shared */ = {
			isa = PBXFileSystemSynchronizedRootGroup;
			exceptions = (
				3CFA3BF22E9CE6EF00D0A378 /* Exceptions for "Listen Anonymously Shared" folder in "Listen anonymously" target */,
				3CFA3BF42E9CE6EF00D0A378 /* Exceptions for "Listen Anonymously Shared" folder in "Listen Anonymously Shared" target */,
			);
			path = "Listen Anonymously Shared";
			sourceTree = "<group>";
		};
		3CFA3BE02E9CE38000D0A378 /* Listen Anonymously SharedTests */ = {
			isa = PBXFileSystemSynchronizedRootGroup;
			path = "Listen Anonymously SharedTests";
			sourceTree = "<group>";
		};
/* End PBXFileSystemSynchronizedRootGroup section */

/* Begin PBXFrameworksBuildPhase section */
		3C36B8EC2EAA049900FFE573 /* Frameworks */ = {
			isa = PBXFrameworksBuildPhase;
			buildActionMask = 2147483647;
			files = (
			);
			runOnlyForDeploymentPostprocessing = 0;
		};
		3CCFCA042D3EFD850090D88D /* Frameworks */ = {
			isa = PBXFrameworksBuildPhase;
			buildActionMask = 2147483647;
			files = (
				3CFA3BE52E9CE38000D0A378 /* Listen_Anonymously_Shared.framework in Frameworks */,
			);
			runOnlyForDeploymentPostprocessing = 0;
		};
		3CCFCA142D3EFD860090D88D /* Frameworks */ = {
			isa = PBXFrameworksBuildPhase;
			buildActionMask = 2147483647;
			files = (
				3C5A000B2EA7E92A0061CF61 /* ViewInspector in Frameworks */,
			);
			runOnlyForDeploymentPostprocessing = 0;
		};
		3CCFCA542D3F0FCD0090D88D /* Frameworks */ = {
			isa = PBXFrameworksBuildPhase;
			buildActionMask = 2147483647;
			files = (
				3CFA3BF12E9CE6A700D0A378 /* Listen_Anonymously_Shared.framework in Frameworks */,
				3CCFCA5A2D3F0FCD0090D88D /* UniformTypeIdentifiers.framework in Frameworks */,
			);
			runOnlyForDeploymentPostprocessing = 0;
		};
		3CFA3B972E9C3A9B00D0A378 /* Frameworks */ = {
			isa = PBXFrameworksBuildPhase;
			buildActionMask = 2147483647;
			files = (
			);
			runOnlyForDeploymentPostprocessing = 0;
		};
		3CFA3BCD2E9CE38000D0A378 /* Frameworks */ = {
			isa = PBXFrameworksBuildPhase;
			buildActionMask = 2147483647;
			files = (
			);
			runOnlyForDeploymentPostprocessing = 0;
		};
		3CFA3BD72E9CE38000D0A378 /* Frameworks */ = {
			isa = PBXFrameworksBuildPhase;
			buildActionMask = 2147483647;
			files = (
				3CFA3BDB2E9CE38000D0A378 /* Listen_Anonymously_Shared.framework in Frameworks */,
				3CFA3C7E2E9D21A600D0A378 /* ViewInspector in Frameworks */,
			);
			runOnlyForDeploymentPostprocessing = 0;
		};
/* End PBXFrameworksBuildPhase section */

/* Begin PBXGroup section */
		3CC8939E2EA6AA4F00A2F4A0 /* Configuration */ = {
			isa = PBXGroup;
			children = (
				3CC893A02EA6B11900A2F4A0 /* Release.xcconfig */,
				3CC8939F2EA6AA7400A2F4A0 /* Debug.xcconfig */,
				3C15A6122F3215BB00EDD660 /* Secrets.xcconfig */,
			);
			path = Configuration;
			sourceTree = "<group>";
		};
		3CCFC9FE2D3EFD850090D88D = {
			isa = PBXGroup;
			children = (
				3CC8939E2EA6AA4F00A2F4A0 /* Configuration */,
				3CFA3C7F2E9D280B00D0A378 /* Listen anonymously Ext.xctestplan */,
				3CCFCB8D2D4198D00090D88D /* README.md */,
				3CCFCA092D3EFD850090D88D /* Listen anonymously */,
				3CCFCA1A2D3EFD860090D88D /* Listen anonymouslyTests */,
				3CCFCA5B2D3F0FCD0090D88D /* Listen anonymously Ext */,
				3CFA3B9B2E9C3A9B00D0A378 /* Listen anonymously Ext Tests */,
				3CFA3BD12E9CE38000D0A378 /* Listen Anonymously Shared */,
				3CFA3BE02E9CE38000D0A378 /* Listen Anonymously SharedTests */,
				3C36B8F02EAA049900FFE573 /* Listen anonymously Snapshot Tests */,
				3CCFCA582D3F0FCD0090D88D /* Frameworks */,
				3CCFCA082D3EFD850090D88D /* Products */,
			);
			sourceTree = "<group>";
		};
		3CCFCA082D3EFD850090D88D /* Products */ = {
			isa = PBXGroup;
			children = (
				3CCFCA072D3EFD850090D88D /* Listen anonymously.app */,
				3CCFCA172D3EFD860090D88D /* Listen anonymouslyTests.xctest */,
				3CCFCA572D3F0FCD0090D88D /* Listen anonymously Ext.appex */,
				3CFA3B9A2E9C3A9B00D0A378 /* Listen anonymously Ext Tests.xctest */,
				3CFA3BD02E9CE38000D0A378 /* Listen_Anonymously_Shared.framework */,
				3CFA3BDA2E9CE38000D0A378 /* Listen Anonymously SharedTests.xctest */,
				3C36B8EF2EAA049900FFE573 /* Listen anonymously Snapshot Tests.xctest */,
			);
			name = Products;
			sourceTree = "<group>";
		};
		3CCFCA582D3F0FCD0090D88D /* Frameworks */ = {
			isa = PBXGroup;
			children = (
				3CCFCA592D3F0FCD0090D88D /* UniformTypeIdentifiers.framework */,
			);
			name = Frameworks;
			sourceTree = "<group>";
		};
/* End PBXGroup section */

/* Begin PBXHeadersBuildPhase section */
		3CFA3BCB2E9CE38000D0A378 /* Headers */ = {
			isa = PBXHeadersBuildPhase;
			buildActionMask = 2147483647;
			files = (
			);
			runOnlyForDeploymentPostprocessing = 0;
		};
/* End PBXHeadersBuildPhase section */

/* Begin PBXNativeTarget section */
		3C36B8EE2EAA049900FFE573 /* Listen anonymously Snapshot Tests */ = {
			isa = PBXNativeTarget;
			buildConfigurationList = 3C36B8F52EAA049900FFE573 /* Build configuration list for PBXNativeTarget "Listen anonymously Snapshot Tests" */;
			buildPhases = (
				3C36B8EB2EAA049900FFE573 /* Sources */,
				3C36B8EC2EAA049900FFE573 /* Frameworks */,
				3C36B8ED2EAA049900FFE573 /* Resources */,
			);
			buildRules = (
			);
			dependencies = (
				3C36B8F42EAA049900FFE573 /* PBXTargetDependency */,
			);
			fileSystemSynchronizedGroups = (
				3C36B8F02EAA049900FFE573 /* Listen anonymously Snapshot Tests */,
			);
			name = "Listen anonymously Snapshot Tests";
			packageProductDependencies = (
			);
			productName = "Listen anonymously Snapshot Tests";
			productReference = 3C36B8EF2EAA049900FFE573 /* Listen anonymously Snapshot Tests.xctest */;
			productType = "com.apple.product-type.bundle.unit-test";
		};
		3CCFCA062D3EFD850090D88D /* Listen anonymously */ = {
			isa = PBXNativeTarget;
			buildConfigurationList = 3CCFCA2B2D3EFD860090D88D /* Build configuration list for PBXNativeTarget "Listen anonymously" */;
			buildPhases = (
				3CCFCA032D3EFD850090D88D /* Sources */,
				3CCFCA042D3EFD850090D88D /* Frameworks */,
				3CCFCA052D3EFD850090D88D /* Resources */,
				3CCFCA6B2D3F0FCD0090D88D /* Embed Foundation Extensions */,
				3CFA3BC72E9CE35500D0A378 /* Embed Frameworks */,
			);
			buildRules = (
			);
			dependencies = (
				3CCFCA652D3F0FCD0090D88D /* PBXTargetDependency */,
				3CFA3BE42E9CE38000D0A378 /* PBXTargetDependency */,
			);
			fileSystemSynchronizedGroups = (
				3CCFCA092D3EFD850090D88D /* Listen anonymously */,
			);
			name = "Listen anonymously";
			packageProductDependencies = (
			);
			productName = "Listen anonymously";
			productReference = 3CCFCA072D3EFD850090D88D /* Listen anonymously.app */;
			productType = "com.apple.product-type.application";
		};
		3CCFCA162D3EFD860090D88D /* Listen anonymouslyTests */ = {
			isa = PBXNativeTarget;
			buildConfigurationList = 3CCFCA2E2D3EFD860090D88D /* Build configuration list for PBXNativeTarget "Listen anonymouslyTests" */;
			buildPhases = (
				3CCFCA132D3EFD860090D88D /* Sources */,
				3CCFCA142D3EFD860090D88D /* Frameworks */,
				3CCFCA152D3EFD860090D88D /* Resources */,
			);
			buildRules = (
			);
			dependencies = (
				3CCFCA192D3EFD860090D88D /* PBXTargetDependency */,
			);
			fileSystemSynchronizedGroups = (
				3CCFCA1A2D3EFD860090D88D /* Listen anonymouslyTests */,
			);
			name = "Listen anonymouslyTests";
			packageProductDependencies = (
				3C5A000A2EA7E92A0061CF61 /* ViewInspector */,
			);
			productName = "Listen anonymouslyTests";
			productReference = 3CCFCA172D3EFD860090D88D /* Listen anonymouslyTests.xctest */;
			productType = "com.apple.product-type.bundle.unit-test";
		};
		3CCFCA562D3F0FCD0090D88D /* Listen anonymously Ext */ = {
			isa = PBXNativeTarget;
			buildConfigurationList = 3CCFCA682D3F0FCD0090D88D /* Build configuration list for PBXNativeTarget "Listen anonymously Ext" */;
			buildPhases = (
				3CCFCA532D3F0FCD0090D88D /* Sources */,
				3CCFCA542D3F0FCD0090D88D /* Frameworks */,
				3CCFCA552D3F0FCD0090D88D /* Resources */,
			);
			buildRules = (
			);
			dependencies = (
			);
			fileSystemSynchronizedGroups = (
				3CCFCA5B2D3F0FCD0090D88D /* Listen anonymously Ext */,
			);
			name = "Listen anonymously Ext";
			packageProductDependencies = (
			);
			productName = "Listen anonymously Ext";
			productReference = 3CCFCA572D3F0FCD0090D88D /* Listen anonymously Ext.appex */;
			productType = "com.apple.product-type.app-extension";
		};
		3CFA3B992E9C3A9B00D0A378 /* Listen anonymously Ext Tests */ = {
			isa = PBXNativeTarget;
			buildConfigurationList = 3CFA3BA02E9C3A9B00D0A378 /* Build configuration list for PBXNativeTarget "Listen anonymously Ext Tests" */;
			buildPhases = (
				3CFA3B962E9C3A9B00D0A378 /* Sources */,
				3CFA3B972E9C3A9B00D0A378 /* Frameworks */,
				3CFA3B982E9C3A9B00D0A378 /* Resources */,
			);
			buildRules = (
			);
			dependencies = (
				3CFA3BA72E9C3BB600D0A378 /* PBXTargetDependency */,
				3CFA3BA22E9C3AFB00D0A378 /* PBXTargetDependency */,
			);
			fileSystemSynchronizedGroups = (
				3CFA3B9B2E9C3A9B00D0A378 /* Listen anonymously Ext Tests */,
			);
			name = "Listen anonymously Ext Tests";
			packageProductDependencies = (
			);
			productName = "Listen anonymously Ext Tests";
			productReference = 3CFA3B9A2E9C3A9B00D0A378 /* Listen anonymously Ext Tests.xctest */;
			productType = "com.apple.product-type.bundle.unit-test";
		};
		3CFA3BCF2E9CE38000D0A378 /* Listen Anonymously Shared */ = {
			isa = PBXNativeTarget;
			buildConfigurationList = 3CFA3BE72E9CE38100D0A378 /* Build configuration list for PBXNativeTarget "Listen Anonymously Shared" */;
			buildPhases = (
				3CFA3BCB2E9CE38000D0A378 /* Headers */,
				3CFA3BCC2E9CE38000D0A378 /* Sources */,
				3CFA3BCD2E9CE38000D0A378 /* Frameworks */,
				3CFA3BCE2E9CE38000D0A378 /* Resources */,
			);
			buildRules = (
			);
			dependencies = (
			);
			fileSystemSynchronizedGroups = (
				3CFA3BD12E9CE38000D0A378 /* Listen Anonymously Shared */,
			);
			name = "Listen Anonymously Shared";
			packageProductDependencies = (
			);
			productName = "Listen Anonymously Shared";
			productReference = 3CFA3BD02E9CE38000D0A378 /* Listen_Anonymously_Shared.framework */;
			productType = "com.apple.product-type.framework";
		};
		3CFA3BD92E9CE38000D0A378 /* Listen Anonymously SharedTests */ = {
			isa = PBXNativeTarget;
			buildConfigurationList = 3CFA3BEA2E9CE38100D0A378 /* Build configuration list for PBXNativeTarget "Listen Anonymously SharedTests" */;
			buildPhases = (
				3CFA3BD62E9CE38000D0A378 /* Sources */,
				3CFA3BD72E9CE38000D0A378 /* Frameworks */,
				3CFA3BD82E9CE38000D0A378 /* Resources */,
			);
			buildRules = (
			);
			dependencies = (
				3CFA3BDD2E9CE38000D0A378 /* PBXTargetDependency */,
				3CFA3BDF2E9CE38000D0A378 /* PBXTargetDependency */,
			);
			fileSystemSynchronizedGroups = (
				3CFA3BE02E9CE38000D0A378 /* Listen Anonymously SharedTests */,
			);
			name = "Listen Anonymously SharedTests";
			packageProductDependencies = (
				3CFA3C7D2E9D21A600D0A378 /* ViewInspector */,
			);
			productName = "Listen Anonymously SharedTests";
			productReference = 3CFA3BDA2E9CE38000D0A378 /* Listen Anonymously SharedTests.xctest */;
			productType = "com.apple.product-type.bundle.unit-test";
		};
/* End PBXNativeTarget section */

/* Begin PBXProject section */
		3CCFC9FF2D3EFD850090D88D /* Project object */ = {
			isa = PBXProject;
			attributes = {
				BuildIndependentTargetsInParallel = 1;
				LastSwiftUpdateCheck = 2600;
				LastUpgradeCheck = 2600;
				TargetAttributes = {
					3C36B8EE2EAA049900FFE573 = {
						CreatedOnToolsVersion = 26.0;
						TestTargetID = 3CCFCA062D3EFD850090D88D;
					};
					3CCFCA062D3EFD850090D88D = {
						CreatedOnToolsVersion = 16.2;
					};
					3CCFCA162D3EFD860090D88D = {
						CreatedOnToolsVersion = 16.2;
						TestTargetID = 3CCFCA062D3EFD850090D88D;
					};
					3CCFCA562D3F0FCD0090D88D = {
						CreatedOnToolsVersion = 16.2;
					};
					3CFA3B992E9C3A9B00D0A378 = {
						CreatedOnToolsVersion = 26.0;
					};
					3CFA3BCF2E9CE38000D0A378 = {
						CreatedOnToolsVersion = 26.0;
					};
					3CFA3BD92E9CE38000D0A378 = {
						CreatedOnToolsVersion = 26.0;
						TestTargetID = 3CCFCA062D3EFD850090D88D;
					};
				};
			};
			buildConfigurationList = 3CCFCA022D3EFD850090D88D /* Build configuration list for PBXProject "Listen anonymously" */;
			developmentRegion = en;
			hasScannedForEncodings = 0;
			knownRegions = (
				en,
				Base,
				ar,
				bn,
				ca,
				bg,
				"en-AU",
				"en-GB",
				"es-419",
			);
			mainGroup = 3CCFC9FE2D3EFD850090D88D;
			minimizedProjectReferenceProxies = 1;
			packageReferences = (
				3CFA3C7C2E9D21A600D0A378 /* XCRemoteSwiftPackageReference "ViewInspector" */,
			);
			preferredProjectObjectVersion = 77;
			productRefGroup = 3CCFCA082D3EFD850090D88D /* Products */;
			projectDirPath = "";
			projectRoot = "";
			targets = (
				3CCFCA062D3EFD850090D88D /* Listen anonymously */,
				3CCFCA162D3EFD860090D88D /* Listen anonymouslyTests */,
				3CCFCA562D3F0FCD0090D88D /* Listen anonymously Ext */,
				3CFA3B992E9C3A9B00D0A378 /* Listen anonymously Ext Tests */,
				3CFA3BCF2E9CE38000D0A378 /* Listen Anonymously Shared */,
				3CFA3BD92E9CE38000D0A378 /* Listen Anonymously SharedTests */,
				3C36B8EE2EAA049900FFE573 /* Listen anonymously Snapshot Tests */,
			);
		};
/* End PBXProject section */

/* Begin PBXResourcesBuildPhase section */
		3C36B8ED2EAA049900FFE573 /* Resources */ = {
			isa = PBXResourcesBuildPhase;
			buildActionMask = 2147483647;
			files = (
			);
			runOnlyForDeploymentPostprocessing = 0;
		};
		3CCFCA052D3EFD850090D88D /* Resources */ = {
			isa = PBXResourcesBuildPhase;
			buildActionMask = 2147483647;
			files = (
				3CCFCB8E2D4198D00090D88D /* README.md in Resources */,
			);
			runOnlyForDeploymentPostprocessing = 0;
		};
		3CCFCA152D3EFD860090D88D /* Resources */ = {
			isa = PBXResourcesBuildPhase;
			buildActionMask = 2147483647;
			files = (
			);
			runOnlyForDeploymentPostprocessing = 0;
		};
		3CCFCA552D3F0FCD0090D88D /* Resources */ = {
			isa = PBXResourcesBuildPhase;
			buildActionMask = 2147483647;
			files = (
			);
			runOnlyForDeploymentPostprocessing = 0;
		};
		3CFA3B982E9C3A9B00D0A378 /* Resources */ = {
			isa = PBXResourcesBuildPhase;
			buildActionMask = 2147483647;
			files = (
			);
			runOnlyForDeploymentPostprocessing = 0;
		};
		3CFA3BCE2E9CE38000D0A378 /* Resources */ = {
			isa = PBXResourcesBuildPhase;
			buildActionMask = 2147483647;
			files = (
			);
			runOnlyForDeploymentPostprocessing = 0;
		};
		3CFA3BD82E9CE38000D0A378 /* Resources */ = {
			isa = PBXResourcesBuildPhase;
			buildActionMask = 2147483647;
			files = (
			);
			runOnlyForDeploymentPostprocessing = 0;
		};
/* End PBXResourcesBuildPhase section */

/* Begin PBXSourcesBuildPhase section */
		3C36B8EB2EAA049900FFE573 /* Sources */ = {
			isa = PBXSourcesBuildPhase;
			buildActionMask = 2147483647;
			files = (
			);
			runOnlyForDeploymentPostprocessing = 0;
		};
		3CCFCA032D3EFD850090D88D /* Sources */ = {
			isa = PBXSourcesBuildPhase;
			buildActionMask = 2147483647;
			files = (
			);
			runOnlyForDeploymentPostprocessing = 0;
		};
		3CCFCA132D3EFD860090D88D /* Sources */ = {
			isa = PBXSourcesBuildPhase;
			buildActionMask = 2147483647;
			files = (
			);
			runOnlyForDeploymentPostprocessing = 0;
		};
		3CCFCA532D3F0FCD0090D88D /* Sources */ = {
			isa = PBXSourcesBuildPhase;
			buildActionMask = 2147483647;
			files = (
			);
			runOnlyForDeploymentPostprocessing = 0;
		};
		3CFA3B962E9C3A9B00D0A378 /* Sources */ = {
			isa = PBXSourcesBuildPhase;
			buildActionMask = 2147483647;
			files = (
			);
			runOnlyForDeploymentPostprocessing = 0;
		};
		3CFA3BCC2E9CE38000D0A378 /* Sources */ = {
			isa = PBXSourcesBuildPhase;
			buildActionMask = 2147483647;
			files = (
			);
			runOnlyForDeploymentPostprocessing = 0;
		};
		3CFA3BD62E9CE38000D0A378 /* Sources */ = {
			isa = PBXSourcesBuildPhase;
			buildActionMask = 2147483647;
			files = (
			);
			runOnlyForDeploymentPostprocessing = 0;
		};
/* End PBXSourcesBuildPhase section */

/* Begin PBXTargetDependency section */
		3C36B8F42EAA049900FFE573 /* PBXTargetDependency */ = {
			isa = PBXTargetDependency;
			target = 3CCFCA062D3EFD850090D88D /* Listen anonymously */;
			targetProxy = 3C36B8F32EAA049900FFE573 /* PBXContainerItemProxy */;
		};
		3CCFCA192D3EFD860090D88D /* PBXTargetDependency */ = {
			isa = PBXTargetDependency;
			target = 3CCFCA062D3EFD850090D88D /* Listen anonymously */;
			targetProxy = 3CCFCA182D3EFD860090D88D /* PBXContainerItemProxy */;
		};
		3CCFCA652D3F0FCD0090D88D /* PBXTargetDependency */ = {
			isa = PBXTargetDependency;
			target = 3CCFCA562D3F0FCD0090D88D /* Listen anonymously Ext */;
			targetProxy = 3CCFCA642D3F0FCD0090D88D /* PBXContainerItemProxy */;
		};
		3CFA3BA22E9C3AFB00D0A378 /* PBXTargetDependency */ = {
			isa = PBXTargetDependency;
			target = 3CCFCA562D3F0FCD0090D88D /* Listen anonymously Ext */;
			targetProxy = 3CFA3BA12E9C3AFB00D0A378 /* PBXContainerItemProxy */;
		};
		3CFA3BA72E9C3BB600D0A378 /* PBXTargetDependency */ = {
			isa = PBXTargetDependency;
			target = 3CCFCA062D3EFD850090D88D /* Listen anonymously */;
			targetProxy = 3CFA3BA62E9C3BB600D0A378 /* PBXContainerItemProxy */;
		};
		3CFA3BDD2E9CE38000D0A378 /* PBXTargetDependency */ = {
			isa = PBXTargetDependency;
			target = 3CFA3BCF2E9CE38000D0A378 /* Listen Anonymously Shared */;
			targetProxy = 3CFA3BDC2E9CE38000D0A378 /* PBXContainerItemProxy */;
		};
		3CFA3BDF2E9CE38000D0A378 /* PBXTargetDependency */ = {
			isa = PBXTargetDependency;
			target = 3CCFCA062D3EFD850090D88D /* Listen anonymously */;
			targetProxy = 3CFA3BDE2E9CE38000D0A378 /* PBXContainerItemProxy */;
		};
		3CFA3BE42E9CE38000D0A378 /* PBXTargetDependency */ = {
			isa = PBXTargetDependency;
			target = 3CFA3BCF2E9CE38000D0A378 /* Listen Anonymously Shared */;
			targetProxy = 3CFA3BE32E9CE38000D0A378 /* PBXContainerItemProxy */;
		};
/* End PBXTargetDependency section */

/* Begin XCBuildConfiguration section */
		3C36B8F62EAA049900FFE573 /* Debug */ = {
			isa = XCBuildConfiguration;
			buildSettings = {
				BUNDLE_LOADER = "$(TEST_HOST)";
				CODE_SIGN_STYLE = Automatic;
				CURRENT_PROJECT_VERSION = 1;
				DEVELOPMENT_TEAM = G7YAMEJH7M;
				GENERATE_INFOPLIST_FILE = YES;
				IPHONEOS_DEPLOYMENT_TARGET = "$(DEPLOYMENT_TARGET)";
				MARKETING_VERSION = 1.0;
				PRODUCT_BUNDLE_IDENTIFIER = "com.lfcj.Listen-anonymously-Snapshot-Tests";
				PRODUCT_NAME = "$(TARGET_NAME)";
				STRING_CATALOG_GENERATE_SYMBOLS = NO;
				SWIFT_APPROACHABLE_CONCURRENCY = YES;
				SWIFT_EMIT_LOC_STRINGS = NO;
				SWIFT_UPCOMING_FEATURE_MEMBER_IMPORT_VISIBILITY = YES;
				SWIFT_VERSION = 5.0;
				TARGETED_DEVICE_FAMILY = "1,2";
				TEST_HOST = "$(BUILT_PRODUCTS_DIR)/Listen anonymously.app/$(BUNDLE_EXECUTABLE_FOLDER_PATH)/Listen anonymously";
			};
			name = Debug;
		};
		3C36B8F72EAA049900FFE573 /* Release */ = {
			isa = XCBuildConfiguration;
			buildSettings = {
				BUNDLE_LOADER = "$(TEST_HOST)";
				CODE_SIGN_STYLE = Automatic;
				CURRENT_PROJECT_VERSION = 1;
				DEVELOPMENT_TEAM = G7YAMEJH7M;
				GENERATE_INFOPLIST_FILE = YES;
				IPHONEOS_DEPLOYMENT_TARGET = "$(DEPLOYMENT_TARGET)";
				MARKETING_VERSION = 1.0;
				PRODUCT_BUNDLE_IDENTIFIER = "com.lfcj.Listen-anonymously-Snapshot-Tests";
				PRODUCT_NAME = "$(TARGET_NAME)";
				STRING_CATALOG_GENERATE_SYMBOLS = NO;
				SWIFT_APPROACHABLE_CONCURRENCY = YES;
				SWIFT_EMIT_LOC_STRINGS = NO;
				SWIFT_UPCOMING_FEATURE_MEMBER_IMPORT_VISIBILITY = YES;
				SWIFT_VERSION = 5.0;
				TARGETED_DEVICE_FAMILY = "1,2";
				TEST_HOST = "$(BUILT_PRODUCTS_DIR)/Listen anonymously.app/$(BUNDLE_EXECUTABLE_FOLDER_PATH)/Listen anonymously";
			};
			name = Release;
		};
		3CCFCA292D3EFD860090D88D /* Debug */ = {
			isa = XCBuildConfiguration;
			baseConfigurationReference = 3CC8939F2EA6AA7400A2F4A0 /* Debug.xcconfig */;
			buildSettings = {
				ALWAYS_SEARCH_USER_PATHS = NO;
				ASSETCATALOG_COMPILER_GENERATE_SWIFT_ASSET_SYMBOL_EXTENSIONS = YES;
				CLANG_ANALYZER_NONNULL = YES;
				CLANG_ANALYZER_NUMBER_OBJECT_CONVERSION = YES_AGGRESSIVE;
				CLANG_CXX_LANGUAGE_STANDARD = "gnu++20";
				CLANG_ENABLE_MODULES = YES;
				CLANG_ENABLE_OBJC_ARC = YES;
				CLANG_ENABLE_OBJC_WEAK = YES;
				CLANG_WARN_BLOCK_CAPTURE_AUTORELEASING = YES;
				CLANG_WARN_BOOL_CONVERSION = YES;
				CLANG_WARN_COMMA = YES;
				CLANG_WARN_CONSTANT_CONVERSION = YES;
				CLANG_WARN_DEPRECATED_OBJC_IMPLEMENTATIONS = YES;
				CLANG_WARN_DIRECT_OBJC_ISA_USAGE = YES_ERROR;
				CLANG_WARN_DOCUMENTATION_COMMENTS = YES;
				CLANG_WARN_EMPTY_BODY = YES;
				CLANG_WARN_ENUM_CONVERSION = YES;
				CLANG_WARN_INFINITE_RECURSION = YES;
				CLANG_WARN_INT_CONVERSION = YES;
				CLANG_WARN_NON_LITERAL_NULL_CONVERSION = YES;
				CLANG_WARN_OBJC_IMPLICIT_RETAIN_SELF = YES;
				CLANG_WARN_OBJC_LITERAL_CONVERSION = YES;
				CLANG_WARN_OBJC_ROOT_CLASS = YES_ERROR;
				CLANG_WARN_QUOTED_INCLUDE_IN_FRAMEWORK_HEADER = YES;
				CLANG_WARN_RANGE_LOOP_ANALYSIS = YES;
				CLANG_WARN_STRICT_PROTOTYPES = YES;
				CLANG_WARN_SUSPICIOUS_MOVE = YES;
				CLANG_WARN_UNGUARDED_AVAILABILITY = YES_AGGRESSIVE;
				CLANG_WARN_UNREACHABLE_CODE = YES;
				CLANG_WARN__DUPLICATE_METHOD_MATCH = YES;
				CODE_SIGN_IDENTITY = "$(CODE_SIGN_IDENTITY)";
				COPY_PHASE_STRIP = NO;
				DEBUG_INFORMATION_FORMAT = dwarf;
				DEVELOPMENT_TEAM = G7YAMEJH7M;
				ENABLE_STRICT_OBJC_MSGSEND = YES;
				ENABLE_TESTABILITY = YES;
				ENABLE_USER_SCRIPT_SANDBOXING = YES;
				GCC_C_LANGUAGE_STANDARD = gnu17;
				GCC_DYNAMIC_NO_PIC = NO;
				GCC_NO_COMMON_BLOCKS = YES;
				GCC_OPTIMIZATION_LEVEL = 0;
				GCC_PREPROCESSOR_DEFINITIONS = (
					"DEBUG=1",
					"$(inherited)",
				);
				GCC_WARN_64_TO_32_BIT_CONVERSION = YES;
				GCC_WARN_ABOUT_RETURN_TYPE = YES_ERROR;
				GCC_WARN_UNDECLARED_SELECTOR = YES;
				GCC_WARN_UNINITIALIZED_AUTOS = YES_AGGRESSIVE;
				GCC_WARN_UNUSED_FUNCTION = YES;
				GCC_WARN_UNUSED_VARIABLE = YES;
				IPHONEOS_DEPLOYMENT_TARGET = 17.6;
				LOCALIZATION_PREFERS_STRING_CATALOGS = YES;
				MTL_ENABLE_DEBUG_INFO = INCLUDE_SOURCE;
				MTL_FAST_MATH = YES;
				ONLY_ACTIVE_ARCH = YES;
				PROVISIONING_PROFILE_SPECIFIER = Automatic;
				SDKROOT = iphoneos;
				STRING_CATALOG_GENERATE_SYMBOLS = YES;
				SWIFT_ACTIVE_COMPILATION_CONDITIONS = "DEBUG $(inherited)";
				SWIFT_EMIT_LOC_STRINGS = YES;
				SWIFT_OPTIMIZATION_LEVEL = "-Onone";
			};
			name = Debug;
		};
		3CCFCA2A2D3EFD860090D88D /* Release */ = {
			isa = XCBuildConfiguration;
			baseConfigurationReference = 3CC893A02EA6B11900A2F4A0 /* Release.xcconfig */;
			buildSettings = {
				ALWAYS_SEARCH_USER_PATHS = NO;
				ASSETCATALOG_COMPILER_GENERATE_SWIFT_ASSET_SYMBOL_EXTENSIONS = YES;
				CLANG_ANALYZER_NONNULL = YES;
				CLANG_ANALYZER_NUMBER_OBJECT_CONVERSION = YES_AGGRESSIVE;
				CLANG_CXX_LANGUAGE_STANDARD = "gnu++20";
				CLANG_ENABLE_MODULES = YES;
				CLANG_ENABLE_OBJC_ARC = YES;
				CLANG_ENABLE_OBJC_WEAK = YES;
				CLANG_WARN_BLOCK_CAPTURE_AUTORELEASING = YES;
				CLANG_WARN_BOOL_CONVERSION = YES;
				CLANG_WARN_COMMA = YES;
				CLANG_WARN_CONSTANT_CONVERSION = YES;
				CLANG_WARN_DEPRECATED_OBJC_IMPLEMENTATIONS = YES;
				CLANG_WARN_DIRECT_OBJC_ISA_USAGE = YES_ERROR;
				CLANG_WARN_DOCUMENTATION_COMMENTS = YES;
				CLANG_WARN_EMPTY_BODY = YES;
				CLANG_WARN_ENUM_CONVERSION = YES;
				CLANG_WARN_INFINITE_RECURSION = YES;
				CLANG_WARN_INT_CONVERSION = YES;
				CLANG_WARN_NON_LITERAL_NULL_CONVERSION = YES;
				CLANG_WARN_OBJC_IMPLICIT_RETAIN_SELF = YES;
				CLANG_WARN_OBJC_LITERAL_CONVERSION = YES;
				CLANG_WARN_OBJC_ROOT_CLASS = YES_ERROR;
				CLANG_WARN_QUOTED_INCLUDE_IN_FRAMEWORK_HEADER = YES;
				CLANG_WARN_RANGE_LOOP_ANALYSIS = YES;
				CLANG_WARN_STRICT_PROTOTYPES = YES;
				CLANG_WARN_SUSPICIOUS_MOVE = YES;
				CLANG_WARN_UNGUARDED_AVAILABILITY = YES_AGGRESSIVE;
				CLANG_WARN_UNREACHABLE_CODE = YES;
				CLANG_WARN__DUPLICATE_METHOD_MATCH = YES;
				CODE_SIGN_IDENTITY = "$(CODE_SIGN_IDENTITY)";
				COPY_PHASE_STRIP = NO;
				DEBUG_INFORMATION_FORMAT = "dwarf-with-dsym";
				DEVELOPMENT_TEAM = G7YAMEJH7M;
				ENABLE_NS_ASSERTIONS = NO;
				ENABLE_STRICT_OBJC_MSGSEND = YES;
				ENABLE_USER_SCRIPT_SANDBOXING = YES;
				GCC_C_LANGUAGE_STANDARD = gnu17;
				GCC_NO_COMMON_BLOCKS = YES;
				GCC_WARN_64_TO_32_BIT_CONVERSION = YES;
				GCC_WARN_ABOUT_RETURN_TYPE = YES_ERROR;
				GCC_WARN_UNDECLARED_SELECTOR = YES;
				GCC_WARN_UNINITIALIZED_AUTOS = YES_AGGRESSIVE;
				GCC_WARN_UNUSED_FUNCTION = YES;
				GCC_WARN_UNUSED_VARIABLE = YES;
				IPHONEOS_DEPLOYMENT_TARGET = 17.6;
				LOCALIZATION_PREFERS_STRING_CATALOGS = YES;
				MTL_ENABLE_DEBUG_INFO = NO;
				MTL_FAST_MATH = YES;
				PROVISIONING_PROFILE_SPECIFIER = Automatic;
				SDKROOT = iphoneos;
				STRING_CATALOG_GENERATE_SYMBOLS = YES;
				SWIFT_COMPILATION_MODE = wholemodule;
				SWIFT_EMIT_LOC_STRINGS = YES;
				VALIDATE_PRODUCT = YES;
			};
			name = Release;
		};
		3CCFCA2C2D3EFD860090D88D /* Debug */ = {
			isa = XCBuildConfiguration;
			baseConfigurationReference = 3CC8939F2EA6AA7400A2F4A0 /* Debug.xcconfig */;
			buildSettings = {
				ASSETCATALOG_COMPILER_APPICON_NAME = AppIcon;
				ASSETCATALOG_COMPILER_GLOBAL_ACCENT_COLOR_NAME = AccentColor;
				"CODE_SIGN_IDENTITY[sdk=iphoneos*]" = "iPhone Developer";
				CODE_SIGN_STYLE = Manual;
				CURRENT_PROJECT_VERSION = 1;
				DEVELOPMENT_ASSET_PATHS = "\"Listen anonymously/Preview Content\"";
				DEVELOPMENT_TEAM = "";
				"DEVELOPMENT_TEAM[sdk=iphoneos*]" = G7YAMEJH7M;
				ENABLE_PREVIEWS = YES;
				GENERATE_INFOPLIST_FILE = YES;
				INFOPLIST_FILE = "Listen-anonymously-Info.plist";
				INFOPLIST_KEY_LSApplicationCategoryType = "";
				INFOPLIST_KEY_UIApplicationSceneManifest_Generation = YES;
				INFOPLIST_KEY_UIApplicationSupportsIndirectInputEvents = YES;
				INFOPLIST_KEY_UISupportedInterfaceOrientations_iPad = "UIInterfaceOrientationPortrait UIInterfaceOrientationPortraitUpsideDown UIInterfaceOrientationLandscapeLeft UIInterfaceOrientationLandscapeRight";
				INFOPLIST_KEY_UISupportedInterfaceOrientations_iPhone = "UIInterfaceOrientationPortrait UIInterfaceOrientationLandscapeLeft UIInterfaceOrientationLandscapeRight";
				IPHONEOS_DEPLOYMENT_TARGET = "$(DEPLOYMENT_TARGET)";
				LD_RUNPATH_SEARCH_PATHS = (
					"$(inherited)",
					"@executable_path/Frameworks",
				);
				MARKETING_VERSION = 1.0;
				PRODUCT_BUNDLE_IDENTIFIER = "com.reginafallangi.Listen-anonymously";
				PRODUCT_NAME = "$(TARGET_NAME)";
				PROVISIONING_PROFILE_SPECIFIER = "";
				"PROVISIONING_PROFILE_SPECIFIER[sdk=iphoneos*]" = "listen anon - dev";
				SWIFT_EMIT_LOC_STRINGS = YES;
				SWIFT_VERSION = 5.0;
				TARGETED_DEVICE_FAMILY = "1,2";
			};
			name = Debug;
		};
		3CCFCA2D2D3EFD860090D88D /* Release */ = {
			isa = XCBuildConfiguration;
			baseConfigurationReference = 3CC893A02EA6B11900A2F4A0 /* Release.xcconfig */;
			buildSettings = {
				ASSETCATALOG_COMPILER_APPICON_NAME = AppIcon;
				ASSETCATALOG_COMPILER_GLOBAL_ACCENT_COLOR_NAME = AccentColor;
				"CODE_SIGN_IDENTITY[sdk=iphoneos*]" = "iPhone Developer";
				CODE_SIGN_STYLE = Manual;
				CURRENT_PROJECT_VERSION = 1;
				DEVELOPMENT_ASSET_PATHS = "\"Listen anonymously/Preview Content\"";
				DEVELOPMENT_TEAM = "";
				"DEVELOPMENT_TEAM[sdk=iphoneos*]" = G7YAMEJH7M;
				ENABLE_PREVIEWS = YES;
				GENERATE_INFOPLIST_FILE = YES;
				INFOPLIST_FILE = "Listen-anonymously-Info.plist";
				INFOPLIST_KEY_LSApplicationCategoryType = "";
				INFOPLIST_KEY_UIApplicationSceneManifest_Generation = YES;
				INFOPLIST_KEY_UIApplicationSupportsIndirectInputEvents = YES;
				INFOPLIST_KEY_UISupportedInterfaceOrientations_iPad = "UIInterfaceOrientationPortrait UIInterfaceOrientationPortraitUpsideDown UIInterfaceOrientationLandscapeLeft UIInterfaceOrientationLandscapeRight";
				INFOPLIST_KEY_UISupportedInterfaceOrientations_iPhone = "UIInterfaceOrientationPortrait UIInterfaceOrientationLandscapeLeft UIInterfaceOrientationLandscapeRight";
				IPHONEOS_DEPLOYMENT_TARGET = "$(DEPLOYMENT_TARGET)";
				LD_RUNPATH_SEARCH_PATHS = (
					"$(inherited)",
					"@executable_path/Frameworks",
				);
				MARKETING_VERSION = 1.0;
				PRODUCT_BUNDLE_IDENTIFIER = "com.reginafallangi.Listen-anonymously";
				PRODUCT_NAME = "$(TARGET_NAME)";
				PROVISIONING_PROFILE_SPECIFIER = "";
				"PROVISIONING_PROFILE_SPECIFIER[sdk=iphoneos*]" = "listen anon - dev";
				SWIFT_EMIT_LOC_STRINGS = YES;
				SWIFT_VERSION = 5.0;
				TARGETED_DEVICE_FAMILY = "1,2";
			};
			name = Release;
		};
		3CCFCA2F2D3EFD860090D88D /* Debug */ = {
			isa = XCBuildConfiguration;
			baseConfigurationReference = 3CC8939F2EA6AA7400A2F4A0 /* Debug.xcconfig */;
			buildSettings = {
				BUNDLE_LOADER = "$(TEST_HOST)";
				CODE_SIGN_STYLE = Automatic;
				CURRENT_PROJECT_VERSION = 1;
				DEVELOPMENT_TEAM = "";
				GENERATE_INFOPLIST_FILE = YES;
				IPHONEOS_DEPLOYMENT_TARGET = "$(DEPLOYMENT_TARGET)";
				MARKETING_VERSION = 1.0;
				PRODUCT_BUNDLE_IDENTIFIER = "com.reginafallangi.Listen-anonymouslyTests";
				PRODUCT_NAME = "$(TARGET_NAME)";
				SWIFT_EMIT_LOC_STRINGS = NO;
				SWIFT_VERSION = 5.0;
				TARGETED_DEVICE_FAMILY = "1,2";
				TEST_HOST = "$(BUILT_PRODUCTS_DIR)/Listen anonymously.app/$(BUNDLE_EXECUTABLE_FOLDER_PATH)/Listen anonymously";
			};
			name = Debug;
		};
		3CCFCA302D3EFD860090D88D /* Release */ = {
			isa = XCBuildConfiguration;
			baseConfigurationReference = 3CC893A02EA6B11900A2F4A0 /* Release.xcconfig */;
			buildSettings = {
				BUNDLE_LOADER = "$(TEST_HOST)";
				CODE_SIGN_STYLE = Automatic;
				CURRENT_PROJECT_VERSION = 1;
				DEVELOPMENT_TEAM = "";
				GENERATE_INFOPLIST_FILE = YES;
				IPHONEOS_DEPLOYMENT_TARGET = "$(DEPLOYMENT_TARGET)";
				MARKETING_VERSION = 1.0;
				PRODUCT_BUNDLE_IDENTIFIER = "com.reginafallangi.Listen-anonymouslyTests";
				PRODUCT_NAME = "$(TARGET_NAME)";
				SWIFT_EMIT_LOC_STRINGS = NO;
				SWIFT_VERSION = 5.0;
				TARGETED_DEVICE_FAMILY = "1,2";
				TEST_HOST = "$(BUILT_PRODUCTS_DIR)/Listen anonymously.app/$(BUNDLE_EXECUTABLE_FOLDER_PATH)/Listen anonymously";
			};
			name = Release;
		};
		3CCFCA692D3F0FCD0090D88D /* Debug */ = {
			isa = XCBuildConfiguration;
			baseConfigurationReference = 3CC8939F2EA6AA7400A2F4A0 /* Debug.xcconfig */;
			buildSettings = {
				ASSETCATALOG_COMPILER_APPICON_NAME = ExtAppIcon;
				CODE_SIGN_IDENTITY = "$(CODE_SIGN_IDENTITY)";
				"CODE_SIGN_IDENTITY[sdk=iphoneos*]" = "iPhone Developer";
				CODE_SIGN_STYLE = Manual;
				CURRENT_PROJECT_VERSION = 1;
				DEVELOPMENT_TEAM = "";
				"DEVELOPMENT_TEAM[sdk=iphoneos*]" = G7YAMEJH7M;
				GENERATE_INFOPLIST_FILE = YES;
				INFOPLIST_FILE = "Listen anonymously Ext/Info.plist";
				INFOPLIST_KEY_CFBundleDisplayName = "$(PRODUCT_NAME)";
				INFOPLIST_KEY_NSHumanReadableCopyright = "";
				IPHONEOS_DEPLOYMENT_TARGET = "$(DEPLOYMENT_TARGET)";
				LD_RUNPATH_SEARCH_PATHS = (
					"$(inherited)",
					"@executable_path/Frameworks",
					"@executable_path/../../Frameworks",
				);
				MARKETING_VERSION = 1.0;
				PRODUCT_BUNDLE_IDENTIFIER = "com.reginafallangi.Listen-anonymously.Listen-anonymously-Ext";
				PRODUCT_NAME = "$(TARGET_NAME)";
				PROVISIONING_PROFILE_SPECIFIER = "";
				"PROVISIONING_PROFILE_SPECIFIER[sdk=iphoneos*]" = "Liste anon Ext - Dev";
				SKIP_INSTALL = YES;
				SWIFT_EMIT_LOC_STRINGS = YES;
				SWIFT_VERSION = 5.0;
				TARGETED_DEVICE_FAMILY = "1,2";
			};
			name = Debug;
		};
		3CCFCA6A2D3F0FCD0090D88D /* Release */ = {
			isa = XCBuildConfiguration;
			baseConfigurationReference = 3CC893A02EA6B11900A2F4A0 /* Release.xcconfig */;
			buildSettings = {
				ASSETCATALOG_COMPILER_APPICON_NAME = ExtAppIcon;
				CODE_SIGN_IDENTITY = "$(CODE_SIGN_IDENTITY)";
				"CODE_SIGN_IDENTITY[sdk=iphoneos*]" = "iPhone Developer";
				CODE_SIGN_STYLE = Manual;
				CURRENT_PROJECT_VERSION = 1;
				DEVELOPMENT_TEAM = "";
				"DEVELOPMENT_TEAM[sdk=iphoneos*]" = G7YAMEJH7M;
				GENERATE_INFOPLIST_FILE = YES;
				INFOPLIST_FILE = "Listen anonymously Ext/Info.plist";
				INFOPLIST_KEY_CFBundleDisplayName = "$(PRODUCT_NAME)";
				INFOPLIST_KEY_NSHumanReadableCopyright = "";
				IPHONEOS_DEPLOYMENT_TARGET = "$(DEPLOYMENT_TARGET)";
				LD_RUNPATH_SEARCH_PATHS = (
					"$(inherited)",
					"@executable_path/Frameworks",
					"@executable_path/../../Frameworks",
				);
				MARKETING_VERSION = 1.0;
				PRODUCT_BUNDLE_IDENTIFIER = "com.reginafallangi.Listen-anonymously.Listen-anonymously-Ext";
				PRODUCT_NAME = "$(TARGET_NAME)";
				PROVISIONING_PROFILE_SPECIFIER = "";
				"PROVISIONING_PROFILE_SPECIFIER[sdk=iphoneos*]" = "Liste anon Ext - Dev";
				SKIP_INSTALL = YES;
				SWIFT_EMIT_LOC_STRINGS = YES;
				SWIFT_VERSION = 5.0;
				TARGETED_DEVICE_FAMILY = "1,2";
			};
			name = Release;
		};
		3CFA3B9E2E9C3A9B00D0A378 /* Debug */ = {
			isa = XCBuildConfiguration;
			baseConfigurationReference = 3CC8939F2EA6AA7400A2F4A0 /* Debug.xcconfig */;
			buildSettings = {
				CODE_SIGN_STYLE = Automatic;
				CURRENT_PROJECT_VERSION = 1;
				DEVELOPMENT_TEAM = "";
				GENERATE_INFOPLIST_FILE = YES;
				IPHONEOS_DEPLOYMENT_TARGET = "$(DEPLOYMENT_TARGET)";
				MARKETING_VERSION = 1.0;
				PRODUCT_BUNDLE_IDENTIFIER = "com.reginafallangi.listen-anonymously.Listen-anonymously-Ext-Tests";
				PRODUCT_NAME = "$(TARGET_NAME)";
				STRING_CATALOG_GENERATE_SYMBOLS = NO;
				SWIFT_APPROACHABLE_CONCURRENCY = YES;
				SWIFT_EMIT_LOC_STRINGS = NO;
				SWIFT_UPCOMING_FEATURE_MEMBER_IMPORT_VISIBILITY = YES;
				SWIFT_VERSION = 5.0;
				TARGETED_DEVICE_FAMILY = "1,2";
			};
			name = Debug;
		};
		3CFA3B9F2E9C3A9B00D0A378 /* Release */ = {
			isa = XCBuildConfiguration;
			baseConfigurationReference = 3CC893A02EA6B11900A2F4A0 /* Release.xcconfig */;
			buildSettings = {
				CODE_SIGN_STYLE = Automatic;
				CURRENT_PROJECT_VERSION = 1;
				DEVELOPMENT_TEAM = "";
				GENERATE_INFOPLIST_FILE = YES;
				IPHONEOS_DEPLOYMENT_TARGET = "$(DEPLOYMENT_TARGET)";
				MARKETING_VERSION = 1.0;
				PRODUCT_BUNDLE_IDENTIFIER = "com.reginafallangi.listen-anonymously.Listen-anonymously-Ext-Tests";
				PRODUCT_NAME = "$(TARGET_NAME)";
				STRING_CATALOG_GENERATE_SYMBOLS = NO;
				SWIFT_APPROACHABLE_CONCURRENCY = YES;
				SWIFT_EMIT_LOC_STRINGS = NO;
				SWIFT_UPCOMING_FEATURE_MEMBER_IMPORT_VISIBILITY = YES;
				SWIFT_VERSION = 5.0;
				TARGETED_DEVICE_FAMILY = "1,2";
			};
			name = Release;
		};
		3CFA3BE82E9CE38100D0A378 /* Debug */ = {
			isa = XCBuildConfiguration;
			baseConfigurationReference = 3CC8939F2EA6AA7400A2F4A0 /* Debug.xcconfig */;
			buildSettings = {
				BUILD_LIBRARY_FOR_DISTRIBUTION = YES;
				CODE_SIGN_IDENTITY = "";
				CODE_SIGN_STYLE = Automatic;
				CURRENT_PROJECT_VERSION = 1;
				DEVELOPMENT_TEAM = "";
				DYLIB_COMPATIBILITY_VERSION = 1;
				DYLIB_CURRENT_VERSION = 1;
				DYLIB_INSTALL_NAME_BASE = "@rpath";
				ENABLE_MODULE_VERIFIER = YES;
				GENERATE_INFOPLIST_FILE = YES;
				INFOPLIST_KEY_NSHumanReadableCopyright = "";
				INSTALL_PATH = "$(LOCAL_LIBRARY_DIR)/Frameworks";
				IPHONEOS_DEPLOYMENT_TARGET = "$(DEPLOYMENT_TARGET)";
				LD_RUNPATH_SEARCH_PATHS = (
					"$(inherited)",
					"@executable_path/Frameworks",
					"@loader_path/Frameworks",
				);
				MARKETING_VERSION = 1.0;
				MODULE_VERIFIER_SUPPORTED_LANGUAGES = "objective-c objective-c++";
				MODULE_VERIFIER_SUPPORTED_LANGUAGE_STANDARDS = "gnu17 gnu++20";
				PRODUCT_BUNDLE_IDENTIFIER = "com.reginafallangi.listen-anonymously.Listen-Anonymously-Shared";
				PRODUCT_NAME = "$(TARGET_NAME:c99extidentifier)";
				SKIP_INSTALL = YES;
				STRING_CATALOG_GENERATE_SYMBOLS = YES;
				SWIFT_APPROACHABLE_CONCURRENCY = YES;
				SWIFT_EMIT_LOC_STRINGS = YES;
				SWIFT_INSTALL_MODULE = YES;
				SWIFT_INSTALL_OBJC_HEADER = NO;
				SWIFT_UPCOMING_FEATURE_MEMBER_IMPORT_VISIBILITY = YES;
				SWIFT_VERSION = 5.0;
				TARGETED_DEVICE_FAMILY = "1,2";
				VERSIONING_SYSTEM = "apple-generic";
				VERSION_INFO_PREFIX = "";
			};
			name = Debug;
		};
		3CFA3BE92E9CE38100D0A378 /* Release */ = {
			isa = XCBuildConfiguration;
			baseConfigurationReference = 3CC893A02EA6B11900A2F4A0 /* Release.xcconfig */;
			buildSettings = {
				BUILD_LIBRARY_FOR_DISTRIBUTION = YES;
				CODE_SIGN_IDENTITY = "";
				CODE_SIGN_STYLE = Automatic;
				CURRENT_PROJECT_VERSION = 1;
				DEVELOPMENT_TEAM = "";
				DYLIB_COMPATIBILITY_VERSION = 1;
				DYLIB_CURRENT_VERSION = 1;
				DYLIB_INSTALL_NAME_BASE = "@rpath";
				ENABLE_MODULE_VERIFIER = YES;
				GENERATE_INFOPLIST_FILE = YES;
				INFOPLIST_KEY_NSHumanReadableCopyright = "";
				INSTALL_PATH = "$(LOCAL_LIBRARY_DIR)/Frameworks";
				IPHONEOS_DEPLOYMENT_TARGET = "$(DEPLOYMENT_TARGET)";
				LD_RUNPATH_SEARCH_PATHS = (
					"$(inherited)",
					"@executable_path/Frameworks",
					"@loader_path/Frameworks",
				);
				MARKETING_VERSION = 1.0;
				MODULE_VERIFIER_SUPPORTED_LANGUAGES = "objective-c objective-c++";
				MODULE_VERIFIER_SUPPORTED_LANGUAGE_STANDARDS = "gnu17 gnu++20";
				PRODUCT_BUNDLE_IDENTIFIER = "com.reginafallangi.listen-anonymously.Listen-Anonymously-Shared";
				PRODUCT_NAME = "$(TARGET_NAME:c99extidentifier)";
				SKIP_INSTALL = YES;
				STRING_CATALOG_GENERATE_SYMBOLS = YES;
				SWIFT_APPROACHABLE_CONCURRENCY = YES;
				SWIFT_EMIT_LOC_STRINGS = YES;
				SWIFT_INSTALL_MODULE = YES;
				SWIFT_INSTALL_OBJC_HEADER = NO;
				SWIFT_UPCOMING_FEATURE_MEMBER_IMPORT_VISIBILITY = YES;
				SWIFT_VERSION = 5.0;
				TARGETED_DEVICE_FAMILY = "1,2";
				VERSIONING_SYSTEM = "apple-generic";
				VERSION_INFO_PREFIX = "";
			};
			name = Release;
		};
		3CFA3BEB2E9CE38100D0A378 /* Debug */ = {
			isa = XCBuildConfiguration;
			baseConfigurationReference = 3CC8939F2EA6AA7400A2F4A0 /* Debug.xcconfig */;
			buildSettings = {
				CODE_SIGN_STYLE = Manual;
				CURRENT_PROJECT_VERSION = 1;
				DEVELOPMENT_TEAM = "";
				GENERATE_INFOPLIST_FILE = YES;
				IPHONEOS_DEPLOYMENT_TARGET = "$(DEPLOYMENT_TARGET)";
				MARKETING_VERSION = 1.0;
				PRODUCT_BUNDLE_IDENTIFIER = "com.reginafallangi.listen-anonymously.Listen-Anonymously-SharedTests";
				PRODUCT_NAME = "$(TARGET_NAME)";
				PROVISIONING_PROFILE_SPECIFIER = "";
				STRING_CATALOG_GENERATE_SYMBOLS = NO;
				SWIFT_APPROACHABLE_CONCURRENCY = YES;
				SWIFT_EMIT_LOC_STRINGS = NO;
				SWIFT_UPCOMING_FEATURE_MEMBER_IMPORT_VISIBILITY = YES;
				SWIFT_VERSION = 5.0;
				TARGETED_DEVICE_FAMILY = "1,2";
				TEST_HOST = "$(BUILT_PRODUCTS_DIR)/Listen anonymously.app/$(BUNDLE_EXECUTABLE_FOLDER_PATH)/Listen anonymously";
			};
			name = Debug;
		};
		3CFA3BEC2E9CE38100D0A378 /* Release */ = {
			isa = XCBuildConfiguration;
			baseConfigurationReference = 3CC893A02EA6B11900A2F4A0 /* Release.xcconfig */;
			buildSettings = {
				CODE_SIGN_STYLE = Manual;
				CURRENT_PROJECT_VERSION = 1;
				DEVELOPMENT_TEAM = "";
				GENERATE_INFOPLIST_FILE = YES;
				IPHONEOS_DEPLOYMENT_TARGET = "$(DEPLOYMENT_TARGET)";
				MARKETING_VERSION = 1.0;
				PRODUCT_BUNDLE_IDENTIFIER = "com.reginafallangi.listen-anonymously.Listen-Anonymously-SharedTests";
				PRODUCT_NAME = "$(TARGET_NAME)";
				PROVISIONING_PROFILE_SPECIFIER = "";
				STRING_CATALOG_GENERATE_SYMBOLS = NO;
				SWIFT_APPROACHABLE_CONCURRENCY = YES;
				SWIFT_EMIT_LOC_STRINGS = NO;
				SWIFT_UPCOMING_FEATURE_MEMBER_IMPORT_VISIBILITY = YES;
				SWIFT_VERSION = 5.0;
				TARGETED_DEVICE_FAMILY = "1,2";
				TEST_HOST = "$(BUILT_PRODUCTS_DIR)/Listen anonymously.app/$(BUNDLE_EXECUTABLE_FOLDER_PATH)/Listen anonymously";
			};
			name = Release;
		};
/* End XCBuildConfiguration section */

/* Begin XCConfigurationList section */
		3C36B8F52EAA049900FFE573 /* Build configuration list for PBXNativeTarget "Listen anonymously Snapshot Tests" */ = {
			isa = XCConfigurationList;
			buildConfigurations = (
				3C36B8F62EAA049900FFE573 /* Debug */,
				3C36B8F72EAA049900FFE573 /* Release */,
			);
			defaultConfigurationIsVisible = 0;
			defaultConfigurationName = Release;
		};
		3CCFCA022D3EFD850090D88D /* Build configuration list for PBXProject "Listen anonymously" */ = {
			isa = XCConfigurationList;
			buildConfigurations = (
				3CCFCA292D3EFD860090D88D /* Debug */,
				3CCFCA2A2D3EFD860090D88D /* Release */,
			);
			defaultConfigurationIsVisible = 0;
			defaultConfigurationName = Release;
		};
		3CCFCA2B2D3EFD860090D88D /* Build configuration list for PBXNativeTarget "Listen anonymously" */ = {
			isa = XCConfigurationList;
			buildConfigurations = (
				3CCFCA2C2D3EFD860090D88D /* Debug */,
				3CCFCA2D2D3EFD860090D88D /* Release */,
			);
			defaultConfigurationIsVisible = 0;
			defaultConfigurationName = Release;
		};
		3CCFCA2E2D3EFD860090D88D /* Build configuration list for PBXNativeTarget "Listen anonymouslyTests" */ = {
			isa = XCConfigurationList;
			buildConfigurations = (
				3CCFCA2F2D3EFD860090D88D /* Debug */,
				3CCFCA302D3EFD860090D88D /* Release */,
			);
			defaultConfigurationIsVisible = 0;
			defaultConfigurationName = Release;
		};
		3CCFCA682D3F0FCD0090D88D /* Build configuration list for PBXNativeTarget "Listen anonymously Ext" */ = {
			isa = XCConfigurationList;
			buildConfigurations = (
				3CCFCA692D3F0FCD0090D88D /* Debug */,
				3CCFCA6A2D3F0FCD0090D88D /* Release */,
			);
			defaultConfigurationIsVisible = 0;
			defaultConfigurationName = Release;
		};
		3CFA3BA02E9C3A9B00D0A378 /* Build configuration list for PBXNativeTarget "Listen anonymously Ext Tests" */ = {
			isa = XCConfigurationList;
			buildConfigurations = (
				3CFA3B9E2E9C3A9B00D0A378 /* Debug */,
				3CFA3B9F2E9C3A9B00D0A378 /* Release */,
			);
			defaultConfigurationIsVisible = 0;
			defaultConfigurationName = Release;
		};
		3CFA3BE72E9CE38100D0A378 /* Build configuration list for PBXNativeTarget "Listen Anonymously Shared" */ = {
			isa = XCConfigurationList;
			buildConfigurations = (
				3CFA3BE82E9CE38100D0A378 /* Debug */,
				3CFA3BE92E9CE38100D0A378 /* Release */,
			);
			defaultConfigurationIsVisible = 0;
			defaultConfigurationName = Release;
		};
		3CFA3BEA2E9CE38100D0A378 /* Build configuration list for PBXNativeTarget "Listen Anonymously SharedTests" */ = {
			isa = XCConfigurationList;
			buildConfigurations = (
				3CFA3BEB2E9CE38100D0A378 /* Debug */,
				3CFA3BEC2E9CE38100D0A378 /* Release */,
			);
			defaultConfigurationIsVisible = 0;
			defaultConfigurationName = Release;
		};
/* End XCConfigurationList section */

/* Begin XCRemoteSwiftPackageReference section */
		3CFA3C7C2E9D21A600D0A378 /* XCRemoteSwiftPackageReference "ViewInspector" */ = {
			isa = XCRemoteSwiftPackageReference;
			repositoryURL = "https://github.com/nalexn/ViewInspector";
			requirement = {
				kind = upToNextMajorVersion;
				minimumVersion = 0.10.3;
			};
		};
/* End XCRemoteSwiftPackageReference section */

/* Begin XCSwiftPackageProductDependency section */
		3C5A000A2EA7E92A0061CF61 /* ViewInspector */ = {
			isa = XCSwiftPackageProductDependency;
			package = 3CFA3C7C2E9D21A600D0A378 /* XCRemoteSwiftPackageReference "ViewInspector" */;
			productName = ViewInspector;
		};
		3CFA3C7D2E9D21A600D0A378 /* ViewInspector */ = {
			isa = XCSwiftPackageProductDependency;
			package = 3CFA3C7C2E9D21A600D0A378 /* XCRemoteSwiftPackageReference "ViewInspector" */;
			productName = ViewInspector;
		};
/* End XCSwiftPackageProductDependency section */
	};
	rootObject = 3CCFC9FF2D3EFD850090D88D /* Project object */;
}
