// !$*UTF8*$!
{
	archiveVersion = 1;
	classes = {
	};
	objectVersion = 77;
	objects = {

/* Begin PBXBuildFile section */
		3CFA3B182E9C337E00D0A378 /* README.md in Resources */ = {isa = PBXBuildFile; fileRef = 3CFA3B172E9C337E00D0A378 /* README.md */; };
		3CFA3B222E9C34D900D0A378 /* UniformTypeIdentifiers.framework in Frameworks */ = {isa = PBXBuildFile; fileRef = 3CFA3B212E9C34D900D0A378 /* UniformTypeIdentifiers.framework */; };
		3CFA3B2E2E9C34D900D0A378 /* liste-anon-action-ext.appex in Embed Foundation Extensions */ = {isa = PBXBuildFile; fileRef = 3CFA3B1F2E9C34D900D0A378 /* liste-anon-action-ext.appex */; settings = {ATTRIBUTES = (RemoveHeadersOnCopy, ); }; };
/* End PBXBuildFile section */

/* Begin PBXContainerItemProxy section */
		3C0BA9A82E9C2F1B0075BE67 /* PBXContainerItemProxy */ = {
			isa = PBXContainerItemProxy;
			containerPortal = 3C0BA9922E9C2F190075BE67 /* Project object */;
			proxyType = 1;
			remoteGlobalIDString = 3C0BA9992E9C2F190075BE67;
			remoteInfo = "listen-anonymously";
		};
		3C0BA9B22E9C2F1B0075BE67 /* PBXContainerItemProxy */ = {
			isa = PBXContainerItemProxy;
			containerPortal = 3C0BA9922E9C2F190075BE67 /* Project object */;
			proxyType = 1;
			remoteGlobalIDString = 3C0BA9992E9C2F190075BE67;
			remoteInfo = "listen-anonymously";
		};
		3CFA3B2C2E9C34D900D0A378 /* PBXContainerItemProxy */ = {
			isa = PBXContainerItemProxy;
			containerPortal = 3C0BA9922E9C2F190075BE67 /* Project object */;
			proxyType = 1;
			remoteGlobalIDString = 3CFA3B1E2E9C34D900D0A378;
			remoteInfo = "liste-anon-action-ext";
		};
/* End PBXContainerItemProxy section */

/* Begin PBXCopyFilesBuildPhase section */
		3CFA3B332E9C34D900D0A378 /* Embed Foundation Extensions */ = {
			isa = PBXCopyFilesBuildPhase;
			buildActionMask = 2147483647;
			dstPath = "";
			dstSubfolderSpec = 13;
			files = (
				3CFA3B2E2E9C34D900D0A378 /* liste-anon-action-ext.appex in Embed Foundation Extensions */,
			);
			name = "Embed Foundation Extensions";
			runOnlyForDeploymentPostprocessing = 0;
		};
/* End PBXCopyFilesBuildPhase section */

/* Begin PBXFileReference section */
		3C0BA99A2E9C2F190075BE67 /* listen-anonymously.app */ = {isa = PBXFileReference; explicitFileType = wrapper.application; includeInIndex = 0; path = "listen-anonymously.app"; sourceTree = BUILT_PRODUCTS_DIR; };
		3C0BA9A72E9C2F1B0075BE67 /* listen-anonymouslyTests.xctest */ = {isa = PBXFileReference; explicitFileType = wrapper.cfbundle; includeInIndex = 0; path = "listen-anonymouslyTests.xctest"; sourceTree = BUILT_PRODUCTS_DIR; };
		3C0BA9B12E9C2F1B0075BE67 /* listen-anonymouslyUITests.xctest */ = {isa = PBXFileReference; explicitFileType = wrapper.cfbundle; includeInIndex = 0; path = "listen-anonymouslyUITests.xctest"; sourceTree = BUILT_PRODUCTS_DIR; };
		3CFA3B172E9C337E00D0A378 /* README.md */ = {isa = PBXFileReference; lastKnownFileType = net.daringfireball.markdown; path = README.md; sourceTree = "<group>"; };
		3CFA3B1F2E9C34D900D0A378 /* liste-anon-action-ext.appex */ = {isa = PBXFileReference; explicitFileType = "wrapper.app-extension"; includeInIndex = 0; path = "liste-anon-action-ext.appex"; sourceTree = BUILT_PRODUCTS_DIR; };
		3CFA3B212E9C34D900D0A378 /* UniformTypeIdentifiers.framework */ = {isa = PBXFileReference; lastKnownFileType = wrapper.framework; name = UniformTypeIdentifiers.framework; path = System/Library/Frameworks/UniformTypeIdentifiers.framework; sourceTree = SDKROOT; };
/* End PBXFileReference section */

/* Begin PBXFileSystemSynchronizedBuildFileExceptionSet section */
		3CFA3B1A2E9C33F000D0A378 /* Exceptions for "listen-anonymously" folder in "listen-anonymously" target */ = {
			isa = PBXFileSystemSynchronizedBuildFileExceptionSet;
			membershipExceptions = (
				Info.plist,
			);
			target = 3C0BA9992E9C2F190075BE67 /* listen-anonymously */;
		};
		3CFA3B322E9C34D900D0A378 /* Exceptions for "liste-anon-action-ext" folder in "liste-anon-action-ext" target */ = {
			isa = PBXFileSystemSynchronizedBuildFileExceptionSet;
			membershipExceptions = (
				Info.plist,
			);
			target = 3CFA3B1E2E9C34D900D0A378 /* liste-anon-action-ext */;
		};
/* End PBXFileSystemSynchronizedBuildFileExceptionSet section */

/* Begin PBXFileSystemSynchronizedRootGroup section */
		3C0BA99C2E9C2F190075BE67 /* listen-anonymously */ = {
			isa = PBXFileSystemSynchronizedRootGroup;
			exceptions = (
				3CFA3B1A2E9C33F000D0A378 /* Exceptions for "listen-anonymously" folder in "listen-anonymously" target */,
			);
			path = "listen-anonymously";
			sourceTree = "<group>";
		};
		3C0BA9AA2E9C2F1B0075BE67 /* listen-anonymouslyTests */ = {
			isa = PBXFileSystemSynchronizedRootGroup;
			path = "listen-anonymouslyTests";
			sourceTree = "<group>";
		};
		3C0BA9B42E9C2F1B0075BE67 /* listen-anonymouslyUITests */ = {
			isa = PBXFileSystemSynchronizedRootGroup;
			path = "listen-anonymouslyUITests";
			sourceTree = "<group>";
		};
		3CFA3B232E9C34D900D0A378 /* liste-anon-action-ext */ = {
			isa = PBXFileSystemSynchronizedRootGroup;
			exceptions = (
				3CFA3B322E9C34D900D0A378 /* Exceptions for "liste-anon-action-ext" folder in "liste-anon-action-ext" target */,
			);
			path = "liste-anon-action-ext";
			sourceTree = "<group>";
		};
/* End PBXFileSystemSynchronizedRootGroup section */

/* Begin PBXFrameworksBuildPhase section */
		3C0BA9972E9C2F190075BE67 /* Frameworks */ = {
			isa = PBXFrameworksBuildPhase;
			buildActionMask = 2147483647;
			files = (
			);
			runOnlyForDeploymentPostprocessing = 0;
		};
		3C0BA9A42E9C2F1B0075BE67 /* Frameworks */ = {
			isa = PBXFrameworksBuildPhase;
			buildActionMask = 2147483647;
			files = (
			);
			runOnlyForDeploymentPostprocessing = 0;
		};
		3C0BA9AE2E9C2F1B0075BE67 /* Frameworks */ = {
			isa = PBXFrameworksBuildPhase;
			buildActionMask = 2147483647;
			files = (
			);
			runOnlyForDeploymentPostprocessing = 0;
		};
		3CFA3B1C2E9C34D900D0A378 /* Frameworks */ = {
			isa = PBXFrameworksBuildPhase;
			buildActionMask = 2147483647;
			files = (
				3CFA3B222E9C34D900D0A378 /* UniformTypeIdentifiers.framework in Frameworks */,
			);
			runOnlyForDeploymentPostprocessing = 0;
		};
/* End PBXFrameworksBuildPhase section */

/* Begin PBXGroup section */
		3C0BA9912E9C2F190075BE67 = {
			isa = PBXGroup;
			children = (
				3CFA3B172E9C337E00D0A378 /* README.md */,
				3C0BA99C2E9C2F190075BE67 /* listen-anonymously */,
				3C0BA9AA2E9C2F1B0075BE67 /* listen-anonymouslyTests */,
				3C0BA9B42E9C2F1B0075BE67 /* listen-anonymouslyUITests */,
				3CFA3B232E9C34D900D0A378 /* liste-anon-action-ext */,
				3CFA3B202E9C34D900D0A378 /* Frameworks */,
				3C0BA99B2E9C2F190075BE67 /* Products */,
			);
			sourceTree = "<group>";
		};
		3C0BA99B2E9C2F190075BE67 /* Products */ = {
			isa = PBXGroup;
			children = (
				3C0BA99A2E9C2F190075BE67 /* listen-anonymously.app */,
				3C0BA9A72E9C2F1B0075BE67 /* listen-anonymouslyTests.xctest */,
				3C0BA9B12E9C2F1B0075BE67 /* listen-anonymouslyUITests.xctest */,
				3CFA3B1F2E9C34D900D0A378 /* liste-anon-action-ext.appex */,
			);
			name = Products;
			sourceTree = "<group>";
		};
		3CFA3B202E9C34D900D0A378 /* Frameworks */ = {
			isa = PBXGroup;
			children = (
				3CFA3B212E9C34D900D0A378 /* UniformTypeIdentifiers.framework */,
			);
			name = Frameworks;
			sourceTree = "<group>";
		};
/* End PBXGroup section */

/* Begin PBXNativeTarget section */
		3C0BA9992E9C2F190075BE67 /* listen-anonymously */ = {
			isa = PBXNativeTarget;
			buildConfigurationList = 3C0BA9BB2E9C2F1B0075BE67 /* Build configuration list for PBXNativeTarget "listen-anonymously" */;
			buildPhases = (
				3C0BA9962E9C2F190075BE67 /* Sources */,
				3C0BA9972E9C2F190075BE67 /* Frameworks */,
				3C0BA9982E9C2F190075BE67 /* Resources */,
				3CFA3B332E9C34D900D0A378 /* Embed Foundation Extensions */,
			);
			buildRules = (
			);
			dependencies = (
				3CFA3B2D2E9C34D900D0A378 /* PBXTargetDependency */,
			);
			fileSystemSynchronizedGroups = (
				3C0BA99C2E9C2F190075BE67 /* listen-anonymously */,
			);
			name = "listen-anonymously";
			packageProductDependencies = (
			);
			productName = "listen-anonymously";
			productReference = 3C0BA99A2E9C2F190075BE67 /* listen-anonymously.app */;
			productType = "com.apple.product-type.application";
		};
		3C0BA9A62E9C2F1B0075BE67 /* listen-anonymouslyTests */ = {
			isa = PBXNativeTarget;
			buildConfigurationList = 3C0BA9BE2E9C2F1B0075BE67 /* Build configuration list for PBXNativeTarget "listen-anonymouslyTests" */;
			buildPhases = (
				3C0BA9A32E9C2F1B0075BE67 /* Sources */,
				3C0BA9A42E9C2F1B0075BE67 /* Frameworks */,
				3C0BA9A52E9C2F1B0075BE67 /* Resources */,
			);
			buildRules = (
			);
			dependencies = (
				3C0BA9A92E9C2F1B0075BE67 /* PBXTargetDependency */,
			);
			fileSystemSynchronizedGroups = (
				3C0BA9AA2E9C2F1B0075BE67 /* listen-anonymouslyTests */,
			);
			name = "listen-anonymouslyTests";
			packageProductDependencies = (
			);
			productName = "listen-anonymouslyTests";
			productReference = 3C0BA9A72E9C2F1B0075BE67 /* listen-anonymouslyTests.xctest */;
			productType = "com.apple.product-type.bundle.unit-test";
		};
		3C0BA9B02E9C2F1B0075BE67 /* listen-anonymouslyUITests */ = {
			isa = PBXNativeTarget;
			buildConfigurationList = 3C0BA9C12E9C2F1B0075BE67 /* Build configuration list for PBXNativeTarget "listen-anonymouslyUITests" */;
			buildPhases = (
				3C0BA9AD2E9C2F1B0075BE67 /* Sources */,
				3C0BA9AE2E9C2F1B0075BE67 /* Frameworks */,
				3C0BA9AF2E9C2F1B0075BE67 /* Resources */,
			);
			buildRules = (
			);
			dependencies = (
				3C0BA9B32E9C2F1B0075BE67 /* PBXTargetDependency */,
			);
			fileSystemSynchronizedGroups = (
				3C0BA9B42E9C2F1B0075BE67 /* listen-anonymouslyUITests */,
			);
			name = "listen-anonymouslyUITests";
			packageProductDependencies = (
			);
			productName = "listen-anonymouslyUITests";
			productReference = 3C0BA9B12E9C2F1B0075BE67 /* listen-anonymouslyUITests.xctest */;
			productType = "com.apple.product-type.bundle.ui-testing";
		};
		3CFA3B1E2E9C34D900D0A378 /* liste-anon-action-ext */ = {
			isa = PBXNativeTarget;
			buildConfigurationList = 3CFA3B2F2E9C34D900D0A378 /* Build configuration list for PBXNativeTarget "liste-anon-action-ext" */;
			buildPhases = (
				3CFA3B1B2E9C34D900D0A378 /* Sources */,
				3CFA3B1C2E9C34D900D0A378 /* Frameworks */,
				3CFA3B1D2E9C34D900D0A378 /* Resources */,
			);
			buildRules = (
			);
			dependencies = (
			);
			fileSystemSynchronizedGroups = (
				3CFA3B232E9C34D900D0A378 /* liste-anon-action-ext */,
			);
			name = "liste-anon-action-ext";
			packageProductDependencies = (
			);
			productName = "liste-anon-action-ext";
			productReference = 3CFA3B1F2E9C34D900D0A378 /* liste-anon-action-ext.appex */;
			productType = "com.apple.product-type.app-extension";
		};
/* End PBXNativeTarget section */

/* Begin PBXProject section */
		3C0BA9922E9C2F190075BE67 /* Project object */ = {
			isa = PBXProject;
			attributes = {
				BuildIndependentTargetsInParallel = 1;
				LastSwiftUpdateCheck = 2600;
				LastUpgradeCheck = 2600;
				TargetAttributes = {
					3C0BA9992E9C2F190075BE67 = {
						CreatedOnToolsVersion = 26.0;
					};
					3C0BA9A62E9C2F1B0075BE67 = {
						CreatedOnToolsVersion = 26.0;
						TestTargetID = 3C0BA9992E9C2F190075BE67;
					};
					3C0BA9B02E9C2F1B0075BE67 = {
						CreatedOnToolsVersion = 26.0;
						TestTargetID = 3C0BA9992E9C2F190075BE67;
					};
					3CFA3B1E2E9C34D900D0A378 = {
						CreatedOnToolsVersion = 26.0;
					};
				};
			};
			buildConfigurationList = 3C0BA9952E9C2F190075BE67 /* Build configuration list for PBXProject "listen-anonymously" */;
			developmentRegion = en;
			hasScannedForEncodings = 0;
			knownRegions = (
				en,
				Base,
			);
			mainGroup = 3C0BA9912E9C2F190075BE67;
			minimizedProjectReferenceProxies = 1;
			preferredProjectObjectVersion = 77;
			productRefGroup = 3C0BA99B2E9C2F190075BE67 /* Products */;
			projectDirPath = "";
			projectRoot = "";
			targets = (
				3C0BA9992E9C2F190075BE67 /* listen-anonymously */,
				3C0BA9A62E9C2F1B0075BE67 /* listen-anonymouslyTests */,
				3C0BA9B02E9C2F1B0075BE67 /* listen-anonymouslyUITests */,
				3CFA3B1E2E9C34D900D0A378 /* liste-anon-action-ext */,
			);
		};
/* End PBXProject section */

/* Begin PBXResourcesBuildPhase section */
		3C0BA9982E9C2F190075BE67 /* Resources */ = {
			isa = PBXResourcesBuildPhase;
			buildActionMask = 2147483647;
			files = (
				3CFA3B182E9C337E00D0A378 /* README.md in Resources */,
			);
			runOnlyForDeploymentPostprocessing = 0;
		};
		3C0BA9A52E9C2F1B0075BE67 /* Resources */ = {
			isa = PBXResourcesBuildPhase;
			buildActionMask = 2147483647;
			files = (
			);
			runOnlyForDeploymentPostprocessing = 0;
		};
		3C0BA9AF2E9C2F1B0075BE67 /* Resources */ = {
			isa = PBXResourcesBuildPhase;
			buildActionMask = 2147483647;
			files = (
			);
			runOnlyForDeploymentPostprocessing = 0;
		};
		3CFA3B1D2E9C34D900D0A378 /* Resources */ = {
			isa = PBXResourcesBuildPhase;
			buildActionMask = 2147483647;
			files = (
			);
			runOnlyForDeploymentPostprocessing = 0;
		};
/* End PBXResourcesBuildPhase section */

/* Begin PBXSourcesBuildPhase section */
		3C0BA9962E9C2F190075BE67 /* Sources */ = {
			isa = PBXSourcesBuildPhase;
			buildActionMask = 2147483647;
			files = (
			);
			runOnlyForDeploymentPostprocessing = 0;
		};
		3C0BA9A32E9C2F1B0075BE67 /* Sources */ = {
			isa = PBXSourcesBuildPhase;
			buildActionMask = 2147483647;
			files = (
			);
			runOnlyForDeploymentPostprocessing = 0;
		};
		3C0BA9AD2E9C2F1B0075BE67 /* Sources */ = {
			isa = PBXSourcesBuildPhase;
			buildActionMask = 2147483647;
			files = (
			);
			runOnlyForDeploymentPostprocessing = 0;
		};
		3CFA3B1B2E9C34D900D0A378 /* Sources */ = {
			isa = PBXSourcesBuildPhase;
			buildActionMask = 2147483647;
			files = (
			);
			runOnlyForDeploymentPostprocessing = 0;
		};
/* End PBXSourcesBuildPhase section */

/* Begin PBXTargetDependency section */
		3C0BA9A92E9C2F1B0075BE67 /* PBXTargetDependency */ = {
			isa = PBXTargetDependency;
			target = 3C0BA9992E9C2F190075BE67 /* listen-anonymously */;
			targetProxy = 3C0BA9A82E9C2F1B0075BE67 /* PBXContainerItemProxy */;
		};
		3C0BA9B32E9C2F1B0075BE67 /* PBXTargetDependency */ = {
			isa = PBXTargetDependency;
			target = 3C0BA9992E9C2F190075BE67 /* listen-anonymously */;
			targetProxy = 3C0BA9B22E9C2F1B0075BE67 /* PBXContainerItemProxy */;
		};
		3CFA3B2D2E9C34D900D0A378 /* PBXTargetDependency */ = {
			isa = PBXTargetDependency;
			target = 3CFA3B1E2E9C34D900D0A378 /* liste-anon-action-ext */;
			targetProxy = 3CFA3B2C2E9C34D900D0A378 /* PBXContainerItemProxy */;
		};
/* End PBXTargetDependency section */

/* Begin XCBuildConfiguration section */
		3C0BA9B92E9C2F1B0075BE67 /* Debug */ = {
			isa = XCBuildConfiguration;
			buildSettings = {
				ALWAYS_SEARCH_USER_PATHS = NO;
				ASSETCATALOG_COMPILER_GENERATE_SWIFT_ASSET_SYMBOL_EXTENSIONS = YES;
				CLANG_ANALYZER_NONNULL = YES;
				CLANG_ANALYZER_NUMBER_OBJECT_CONVERSION = YES_AGGRESSIVE;
				CLANG_CXX_LANGUAGE_STANDARD = "gnu++20";
				CLANG_ENABLE_MODULES = YES;
				CLANG_ENABLE_OBJC_ARC = YES;
				CLANG_ENABLE_OBJC_WEAK = YES;
				CLANG_WARN_BLOCK_CAPTURE_AUTORELEASING = YES;
				CLANG_WARN_BOOL_CONVERSION = YES;
				CLANG_WARN_COMMA = YES;
				CLANG_WARN_CONSTANT_CONVERSION = YES;
				CLANG_WARN_DEPRECATED_OBJC_IMPLEMENTATIONS = YES;
				CLANG_WARN_DIRECT_OBJC_ISA_USAGE = YES_ERROR;
				CLANG_WARN_DOCUMENTATION_COMMENTS = YES;
				CLANG_WARN_EMPTY_BODY = YES;
				CLANG_WARN_ENUM_CONVERSION = YES;
				CLANG_WARN_INFINITE_RECURSION = YES;
				CLANG_WARN_INT_CONVERSION = YES;
				CLANG_WARN_NON_LITERAL_NULL_CONVERSION = YES;
				CLANG_WARN_OBJC_IMPLICIT_RETAIN_SELF = YES;
				CLANG_WARN_OBJC_LITERAL_CONVERSION = YES;
				CLANG_WARN_OBJC_ROOT_CLASS = YES_ERROR;
				CLANG_WARN_QUOTED_INCLUDE_IN_FRAMEWORK_HEADER = YES;
				CLANG_WARN_RANGE_LOOP_ANALYSIS = YES;
				CLANG_WARN_STRICT_PROTOTYPES = YES;
				CLANG_WARN_SUSPICIOUS_MOVE = YES;
				CLANG_WARN_UNGUARDED_AVAILABILITY = YES_AGGRESSIVE;
				CLANG_WARN_UNREACHABLE_CODE = YES;
				CLANG_WARN__DUPLICATE_METHOD_MATCH = YES;
				COPY_PHASE_STRIP = NO;
				DEBUG_INFORMATION_FORMAT = dwarf;
				DEVELOPMENT_TEAM = G7YAMEJH7M;
				ENABLE_STRICT_OBJC_MSGSEND = YES;
				ENABLE_TESTABILITY = YES;
				ENABLE_USER_SCRIPT_SANDBOXING = YES;
				GCC_C_LANGUAGE_STANDARD = gnu17;
				GCC_DYNAMIC_NO_PIC = NO;
				GCC_NO_COMMON_BLOCKS = YES;
				GCC_OPTIMIZATION_LEVEL = 0;
				GCC_PREPROCESSOR_DEFINITIONS = (
					"DEBUG=1",
					"$(inherited)",
				);
				GCC_WARN_64_TO_32_BIT_CONVERSION = YES;
				GCC_WARN_ABOUT_RETURN_TYPE = YES_ERROR;
				GCC_WARN_UNDECLARED_SELECTOR = YES;
				GCC_WARN_UNINITIALIZED_AUTOS = YES_AGGRESSIVE;
				GCC_WARN_UNUSED_FUNCTION = YES;
				GCC_WARN_UNUSED_VARIABLE = YES;
				IPHONEOS_DEPLOYMENT_TARGET = 26.0;
				LOCALIZATION_PREFERS_STRING_CATALOGS = YES;
				MTL_ENABLE_DEBUG_INFO = INCLUDE_SOURCE;
				MTL_FAST_MATH = YES;
				ONLY_ACTIVE_ARCH = YES;
				SDKROOT = iphoneos;
				SWIFT_ACTIVE_COMPILATION_CONDITIONS = "DEBUG $(inherited)";
				SWIFT_OPTIMIZATION_LEVEL = "-Onone";
			};
			name = Debug;
		};
		3C0BA9BA2E9C2F1B0075BE67 /* Release */ = {
			isa = XCBuildConfiguration;
			buildSettings = {
				ALWAYS_SEARCH_USER_PATHS = NO;
				ASSETCATALOG_COMPILER_GENERATE_SWIFT_ASSET_SYMBOL_EXTENSIONS = YES;
				CLANG_ANALYZER_NONNULL = YES;
				CLANG_ANALYZER_NUMBER_OBJECT_CONVERSION = YES_AGGRESSIVE;
				CLANG_CXX_LANGUAGE_STANDARD = "gnu++20";
				CLANG_ENABLE_MODULES = YES;
				CLANG_ENABLE_OBJC_ARC = YES;
				CLANG_ENABLE_OBJC_WEAK = YES;
				CLANG_WARN_BLOCK_CAPTURE_AUTORELEASING = YES;
				CLANG_WARN_BOOL_CONVERSION = YES;
				CLANG_WARN_COMMA = YES;
				CLANG_WARN_CONSTANT_CONVERSION = YES;
				CLANG_WARN_DEPRECATED_OBJC_IMPLEMENTATIONS = YES;
				CLANG_WARN_DIRECT_OBJC_ISA_USAGE = YES_ERROR;
				CLANG_WARN_DOCUMENTATION_COMMENTS = YES;
				CLANG_WARN_EMPTY_BODY = YES;
				CLANG_WARN_ENUM_CONVERSION = YES;
				CLANG_WARN_INFINITE_RECURSION = YES;
				CLANG_WARN_INT_CONVERSION = YES;
				CLANG_WARN_NON_LITERAL_NULL_CONVERSION = YES;
				CLANG_WARN_OBJC_IMPLICIT_RETAIN_SELF = YES;
				CLANG_WARN_OBJC_LITERAL_CONVERSION = YES;
				CLANG_WARN_OBJC_ROOT_CLASS = YES_ERROR;
				CLANG_WARN_QUOTED_INCLUDE_IN_FRAMEWORK_HEADER = YES;
				CLANG_WARN_RANGE_LOOP_ANALYSIS = YES;
				CLANG_WARN_STRICT_PROTOTYPES = YES;
				CLANG_WARN_SUSPICIOUS_MOVE = YES;
				CLANG_WARN_UNGUARDED_AVAILABILITY = YES_AGGRESSIVE;
				CLANG_WARN_UNREACHABLE_CODE = YES;
				CLANG_WARN__DUPLICATE_METHOD_MATCH = YES;
				COPY_PHASE_STRIP = NO;
				DEBUG_INFORMATION_FORMAT = "dwarf-with-dsym";
				DEVELOPMENT_TEAM = G7YAMEJH7M;
				ENABLE_NS_ASSERTIONS = NO;
				ENABLE_STRICT_OBJC_MSGSEND = YES;
				ENABLE_USER_SCRIPT_SANDBOXING = YES;
				GCC_C_LANGUAGE_STANDARD = gnu17;
				GCC_NO_COMMON_BLOCKS = YES;
				GCC_WARN_64_TO_32_BIT_CONVERSION = YES;
				GCC_WARN_ABOUT_RETURN_TYPE = YES_ERROR;
				GCC_WARN_UNDECLARED_SELECTOR = YES;
				GCC_WARN_UNINITIALIZED_AUTOS = YES_AGGRESSIVE;
				GCC_WARN_UNUSED_FUNCTION = YES;
				GCC_WARN_UNUSED_VARIABLE = YES;
				IPHONEOS_DEPLOYMENT_TARGET = 26.0;
				LOCALIZATION_PREFERS_STRING_CATALOGS = YES;
				MTL_ENABLE_DEBUG_INFO = NO;
				MTL_FAST_MATH = YES;
				SDKROOT = iphoneos;
				SWIFT_COMPILATION_MODE = wholemodule;
				VALIDATE_PRODUCT = YES;
			};
			name = Release;
		};
		3C0BA9BC2E9C2F1B0075BE67 /* Debug */ = {
			isa = XCBuildConfiguration;
			buildSettings = {
				ASSETCATALOG_COMPILER_APPICON_NAME = AppIcon;
				ASSETCATALOG_COMPILER_GLOBAL_ACCENT_COLOR_NAME = AccentColor;
				CODE_SIGN_STYLE = Automatic;
				CURRENT_PROJECT_VERSION = 1;
				DEVELOPMENT_TEAM = G7YAMEJH7M;
				ENABLE_PREVIEWS = YES;
				GENERATE_INFOPLIST_FILE = YES;
				INFOPLIST_FILE = "listen-anonymously/Info.plist";
				INFOPLIST_KEY_UIApplicationSceneManifest_Generation = YES;
				INFOPLIST_KEY_UIApplicationSupportsIndirectInputEvents = YES;
				INFOPLIST_KEY_UISupportedInterfaceOrientations_iPad = "UIInterfaceOrientationPortrait UIInterfaceOrientationPortraitUpsideDown UIInterfaceOrientationLandscapeLeft UIInterfaceOrientationLandscapeRight";
				INFOPLIST_KEY_UISupportedInterfaceOrientations_iPhone = "UIInterfaceOrientationPortrait UIInterfaceOrientationLandscapeLeft UIInterfaceOrientationLandscapeRight";
				LD_RUNPATH_SEARCH_PATHS = (
					"$(inherited)",
					"@executable_path/Frameworks",
				);
				MARKETING_VERSION = 1.0;
				PRODUCT_BUNDLE_IDENTIFIER = "com.lfcj.listen-anonymously";
				PRODUCT_NAME = "$(TARGET_NAME)";
				STRING_CATALOG_GENERATE_SYMBOLS = YES;
				SWIFT_APPROACHABLE_CONCURRENCY = YES;
				SWIFT_DEFAULT_ACTOR_ISOLATION = MainActor;
				SWIFT_EMIT_LOC_STRINGS = YES;
				SWIFT_UPCOMING_FEATURE_MEMBER_IMPORT_VISIBILITY = YES;
				SWIFT_VERSION = 5.0;
				TARGETED_DEVICE_FAMILY = "1,2";
			};
			name = Debug;
		};
		3C0BA9BD2E9C2F1B0075BE67 /* Release */ = {
			isa = XCBuildConfiguration;
			buildSettings = {
				ASSETCATALOG_COMPILER_APPICON_NAME = AppIcon;
				ASSETCATALOG_COMPILER_GLOBAL_ACCENT_COLOR_NAME = AccentColor;
				CODE_SIGN_STYLE = Automatic;
				CURRENT_PROJECT_VERSION = 1;
				DEVELOPMENT_TEAM = G7YAMEJH7M;
				ENABLE_PREVIEWS = YES;
				GENERATE_INFOPLIST_FILE = YES;
				INFOPLIST_FILE = "listen-anonymously/Info.plist";
				INFOPLIST_KEY_UIApplicationSceneManifest_Generation = YES;
				INFOPLIST_KEY_UIApplicationSupportsIndirectInputEvents = YES;
				INFOPLIST_KEY_UISupportedInterfaceOrientations_iPad = "UIInterfaceOrientationPortrait UIInterfaceOrientationPortraitUpsideDown UIInterfaceOrientationLandscapeLeft UIInterfaceOrientationLandscapeRight";
				INFOPLIST_KEY_UISupportedInterfaceOrientations_iPhone = "UIInterfaceOrientationPortrait UIInterfaceOrientationLandscapeLeft UIInterfaceOrientationLandscapeRight";
				LD_RUNPATH_SEARCH_PATHS = (
					"$(inherited)",
					"@executable_path/Frameworks",
				);
				MARKETING_VERSION = 1.0;
				PRODUCT_BUNDLE_IDENTIFIER = "com.lfcj.listen-anonymously";
				PRODUCT_NAME = "$(TARGET_NAME)";
				STRING_CATALOG_GENERATE_SYMBOLS = YES;
				SWIFT_APPROACHABLE_CONCURRENCY = YES;
				SWIFT_DEFAULT_ACTOR_ISOLATION = MainActor;
				SWIFT_EMIT_LOC_STRINGS = YES;
				SWIFT_UPCOMING_FEATURE_MEMBER_IMPORT_VISIBILITY = YES;
				SWIFT_VERSION = 5.0;
				TARGETED_DEVICE_FAMILY = "1,2";
			};
			name = Release;
		};
		3C0BA9BF2E9C2F1B0075BE67 /* Debug */ = {
			isa = XCBuildConfiguration;
			buildSettings = {
				BUNDLE_LOADER = "$(TEST_HOST)";
				CODE_SIGN_STYLE = Automatic;
				CURRENT_PROJECT_VERSION = 1;
				DEVELOPMENT_TEAM = G7YAMEJH7M;
				GENERATE_INFOPLIST_FILE = YES;
				IPHONEOS_DEPLOYMENT_TARGET = 26.0;
				MARKETING_VERSION = 1.0;
				PRODUCT_BUNDLE_IDENTIFIER = "com.lfcj.listen-anonymouslyTests";
				PRODUCT_NAME = "$(TARGET_NAME)";
				STRING_CATALOG_GENERATE_SYMBOLS = NO;
				SWIFT_APPROACHABLE_CONCURRENCY = YES;
				SWIFT_EMIT_LOC_STRINGS = NO;
				SWIFT_UPCOMING_FEATURE_MEMBER_IMPORT_VISIBILITY = YES;
				SWIFT_VERSION = 5.0;
				TARGETED_DEVICE_FAMILY = "1,2";
				TEST_HOST = "$(BUILT_PRODUCTS_DIR)/listen-anonymously.app/$(BUNDLE_EXECUTABLE_FOLDER_PATH)/listen-anonymously";
			};
			name = Debug;
		};
		3C0BA9C02E9C2F1B0075BE67 /* Release */ = {
			isa = XCBuildConfiguration;
			buildSettings = {
				BUNDLE_LOADER = "$(TEST_HOST)";
				CODE_SIGN_STYLE = Automatic;
				CURRENT_PROJECT_VERSION = 1;
				DEVELOPMENT_TEAM = G7YAMEJH7M;
				GENERATE_INFOPLIST_FILE = YES;
				IPHONEOS_DEPLOYMENT_TARGET = 26.0;
				MARKETING_VERSION = 1.0;
				PRODUCT_BUNDLE_IDENTIFIER = "com.lfcj.listen-anonymouslyTests";
				PRODUCT_NAME = "$(TARGET_NAME)";
				STRING_CATALOG_GENERATE_SYMBOLS = NO;
				SWIFT_APPROACHABLE_CONCURRENCY = YES;
				SWIFT_EMIT_LOC_STRINGS = NO;
				SWIFT_UPCOMING_FEATURE_MEMBER_IMPORT_VISIBILITY = YES;
				SWIFT_VERSION = 5.0;
				TARGETED_DEVICE_FAMILY = "1,2";
				TEST_HOST = "$(BUILT_PRODUCTS_DIR)/listen-anonymously.app/$(BUNDLE_EXECUTABLE_FOLDER_PATH)/listen-anonymously";
			};
			name = Release;
		};
		3C0BA9C22E9C2F1B0075BE67 /* Debug */ = {
			isa = XCBuildConfiguration;
			buildSettings = {
				CODE_SIGN_STYLE = Automatic;
				CURRENT_PROJECT_VERSION = 1;
				DEVELOPMENT_TEAM = G7YAMEJH7M;
				GENERATE_INFOPLIST_FILE = YES;
				MARKETING_VERSION = 1.0;
				PRODUCT_BUNDLE_IDENTIFIER = "com.lfcj.listen-anonymouslyUITests";
				PRODUCT_NAME = "$(TARGET_NAME)";
				STRING_CATALOG_GENERATE_SYMBOLS = NO;
				SWIFT_APPROACHABLE_CONCURRENCY = YES;
				SWIFT_EMIT_LOC_STRINGS = NO;
				SWIFT_UPCOMING_FEATURE_MEMBER_IMPORT_VISIBILITY = YES;
				SWIFT_VERSION = 5.0;
				TARGETED_DEVICE_FAMILY = "1,2";
				TEST_TARGET_NAME = "listen-anonymously";
			};
			name = Debug;
		};
		3C0BA9C32E9C2F1B0075BE67 /* Release */ = {
			isa = XCBuildConfiguration;
			buildSettings = {
				CODE_SIGN_STYLE = Automatic;
				CURRENT_PROJECT_VERSION = 1;
				DEVELOPMENT_TEAM = G7YAMEJH7M;
				GENERATE_INFOPLIST_FILE = YES;
				MARKETING_VERSION = 1.0;
				PRODUCT_BUNDLE_IDENTIFIER = "com.lfcj.listen-anonymouslyUITests";
				PRODUCT_NAME = "$(TARGET_NAME)";
				STRING_CATALOG_GENERATE_SYMBOLS = NO;
				SWIFT_APPROACHABLE_CONCURRENCY = YES;
				SWIFT_EMIT_LOC_STRINGS = NO;
				SWIFT_UPCOMING_FEATURE_MEMBER_IMPORT_VISIBILITY = YES;
				SWIFT_VERSION = 5.0;
				TARGETED_DEVICE_FAMILY = "1,2";
				TEST_TARGET_NAME = "listen-anonymously";
			};
			name = Release;
		};
		3CFA3B302E9C34D900D0A378 /* Debug */ = {
			isa = XCBuildConfiguration;
			buildSettings = {
				CODE_SIGN_STYLE = Automatic;
				CURRENT_PROJECT_VERSION = 1;
				DEVELOPMENT_TEAM = G7YAMEJH7M;
				GENERATE_INFOPLIST_FILE = YES;
				INFOPLIST_FILE = "liste-anon-action-ext/Info.plist";
				INFOPLIST_KEY_CFBundleDisplayName = "liste-anon-action-ext";
				INFOPLIST_KEY_NSHumanReadableCopyright = "";
				LD_RUNPATH_SEARCH_PATHS = (
					"$(inherited)",
					"@executable_path/Frameworks",
					"@executable_path/../../Frameworks",
				);
				MARKETING_VERSION = 1.0;
				PRODUCT_BUNDLE_IDENTIFIER = "com.lfcj.listen-anonymously.liste-anon-action-ext";
				PRODUCT_NAME = "$(TARGET_NAME)";
				SKIP_INSTALL = YES;
				STRING_CATALOG_GENERATE_SYMBOLS = YES;
				SWIFT_APPROACHABLE_CONCURRENCY = YES;
				SWIFT_EMIT_LOC_STRINGS = YES;
				SWIFT_UPCOMING_FEATURE_MEMBER_IMPORT_VISIBILITY = YES;
				SWIFT_VERSION = 5.0;
				TARGETED_DEVICE_FAMILY = "1,2";
			};
			name = Debug;
		};
		3CFA3B312E9C34D900D0A378 /* Release */ = {
			isa = XCBuildConfiguration;
			buildSettings = {
				CODE_SIGN_STYLE = Automatic;
				CURRENT_PROJECT_VERSION = 1;
				DEVELOPMENT_TEAM = G7YAMEJH7M;
				GENERATE_INFOPLIST_FILE = YES;
				INFOPLIST_FILE = "liste-anon-action-ext/Info.plist";
				INFOPLIST_KEY_CFBundleDisplayName = "liste-anon-action-ext";
				INFOPLIST_KEY_NSHumanReadableCopyright = "";
				LD_RUNPATH_SEARCH_PATHS = (
					"$(inherited)",
					"@executable_path/Frameworks",
					"@executable_path/../../Frameworks",
				);
				MARKETING_VERSION = 1.0;
				PRODUCT_BUNDLE_IDENTIFIER = "com.lfcj.listen-anonymously.liste-anon-action-ext";
				PRODUCT_NAME = "$(TARGET_NAME)";
				SKIP_INSTALL = YES;
				STRING_CATALOG_GENERATE_SYMBOLS = YES;
				SWIFT_APPROACHABLE_CONCURRENCY = YES;
				SWIFT_EMIT_LOC_STRINGS = YES;
				SWIFT_UPCOMING_FEATURE_MEMBER_IMPORT_VISIBILITY = YES;
				SWIFT_VERSION = 5.0;
				TARGETED_DEVICE_FAMILY = "1,2";
			};
			name = Release;
		};
/* End XCBuildConfiguration section */

/* Begin XCConfigurationList section */
		3C0BA9952E9C2F190075BE67 /* Build configuration list for PBXProject "listen-anonymously" */ = {
			isa = XCConfigurationList;
			buildConfigurations = (
				3C0BA9B92E9C2F1B0075BE67 /* Debug */,
				3C0BA9BA2E9C2F1B0075BE67 /* Release */,
			);
			defaultConfigurationIsVisible = 0;
			defaultConfigurationName = Release;
		};
		3C0BA9BB2E9C2F1B0075BE67 /* Build configuration list for PBXNativeTarget "listen-anonymously" */ = {
			isa = XCConfigurationList;
			buildConfigurations = (
				3C0BA9BC2E9C2F1B0075BE67 /* Debug */,
				3C0BA9BD2E9C2F1B0075BE67 /* Release */,
			);
			defaultConfigurationIsVisible = 0;
			defaultConfigurationName = Release;
		};
		3C0BA9BE2E9C2F1B0075BE67 /* Build configuration list for PBXNativeTarget "listen-anonymouslyTests" */ = {
			isa = XCConfigurationList;
			buildConfigurations = (
				3C0BA9BF2E9C2F1B0075BE67 /* Debug */,
				3C0BA9C02E9C2F1B0075BE67 /* Release */,
			);
			defaultConfigurationIsVisible = 0;
			defaultConfigurationName = Release;
		};
		3C0BA9C12E9C2F1B0075BE67 /* Build configuration list for PBXNativeTarget "listen-anonymouslyUITests" */ = {
			isa = XCConfigurationList;
			buildConfigurations = (
				3C0BA9C22E9C2F1B0075BE67 /* Debug */,
				3C0BA9C32E9C2F1B0075BE67 /* Release */,
			);
			defaultConfigurationIsVisible = 0;
			defaultConfigurationName = Release;
		};
		3CFA3B2F2E9C34D900D0A378 /* Build configuration list for PBXNativeTarget "liste-anon-action-ext" */ = {
			isa = XCConfigurationList;
			buildConfigurations = (
				3CFA3B302E9C34D900D0A378 /* Debug */,
				3CFA3B312E9C34D900D0A378 /* Release */,
			);
			defaultConfigurationIsVisible = 0;
			defaultConfigurationName = Release;
		};
/* End XCConfigurationList section */
	};
	rootObject = 3C0BA9922E9C2F190075BE67 /* Project object */;
}
